<?xml version="1.0" encoding="utf-8"?>
<Project ToolsVersion="4.0" xmlns="http://schemas.microsoft.com/developer/msbuild/2003">
  <ItemGroup>
    <Filter Include="Game">
      <UniqueIdentifier>{1c625c72-853c-4cba-8083-04f3ec587a07}</UniqueIdentifier>
    </Filter>
    <Filter Include="Engine">
      <UniqueIdentifier>{b0447768-47ba-41be-808e-600f094f822e}</UniqueIdentifier>
    </Filter>
    <Filter Include="Externals">
      <UniqueIdentifier>{98ddf83d-6dec-4fa3-afc5-2dafdc87fa0e}</UniqueIdentifier>
    </Filter>
    <Filter Include="resource">
      <UniqueIdentifier>{b3a105cb-ccd3-4cea-b412-f5c19a90bdd2}</UniqueIdentifier>
    </Filter>
    <Filter Include="Engine\Audio">
      <UniqueIdentifier>{5c9f5009-0c18-4ce0-b242-fd89db49f213}</UniqueIdentifier>
    </Filter>
    <Filter Include="Engine\DX">
      <UniqueIdentifier>{2dad7f52-7270-403e-a5bf-3c75435f4f91}</UniqueIdentifier>
    </Filter>
    <Filter Include="Engine\Math">
      <UniqueIdentifier>{7a601b9e-eb60-4590-b15b-61b635563e86}</UniqueIdentifier>
    </Filter>
    <Filter Include="Engine\Input">
      <UniqueIdentifier>{279ec695-0ee1-48c6-ace4-eef5014e9bd3}</UniqueIdentifier>
    </Filter>
    <Filter Include="Engine\WinApp">
      <UniqueIdentifier>{352ce1db-5f89-49d2-b0bb-0b8fbef10041}</UniqueIdentifier>
    </Filter>
    <Filter Include="Engine\Model">
      <UniqueIdentifier>{d538742c-c1bd-4571-97a2-a9b47baa93c5}</UniqueIdentifier>
    </Filter>
    <Filter Include="Engine\GraphicPipeline">
      <UniqueIdentifier>{3f115912-a95a-49e3-a84c-6f1600c14a07}</UniqueIdentifier>
    </Filter>
    <Filter Include="Engine\Logger">
      <UniqueIdentifier>{b04e99a7-b75f-450f-b2bc-38250342a1c9}</UniqueIdentifier>
    </Filter>
    <Filter Include="Engine\ImGuiManager">
      <UniqueIdentifier>{031bdbbe-5a2e-4928-9937-753dc9d57ce1}</UniqueIdentifier>
    </Filter>
    <Filter Include="Externals\imgui">
      <UniqueIdentifier>{6590f602-c645-4cfa-9714-de1f116b5cd2}</UniqueIdentifier>
    </Filter>
  </ItemGroup>
  <ItemGroup>
    <ClCompile Include="externals\imgui\imgui.cpp">
      <Filter>Externals\imgui</Filter>
    </ClCompile>
    <ClCompile Include="externals\imgui\imgui_demo.cpp">
      <Filter>Externals\imgui</Filter>
    </ClCompile>
    <ClCompile Include="externals\imgui\imgui_draw.cpp">
      <Filter>Externals\imgui</Filter>
    </ClCompile>
    <ClCompile Include="externals\imgui\imgui_impl_dx12.cpp">
      <Filter>Externals\imgui</Filter>
    </ClCompile>
    <ClCompile Include="externals\imgui\imgui_impl_win32.cpp">
      <Filter>Externals\imgui</Filter>
    </ClCompile>
    <ClCompile Include="externals\imgui\imgui_tables.cpp">
      <Filter>Externals\imgui</Filter>
    </ClCompile>
    <ClCompile Include="externals\imgui\imgui_widgets.cpp">
      <Filter>Externals\imgui</Filter>
    </ClCompile>
    <ClCompile Include="Fuji.cpp">
      <Filter>Engine</Filter>
    </ClCompile>
    <ClCompile Include="GameScene.cpp">
      <Filter>Game</Filter>
    </ClCompile>
    <ClCompile Include="My.cpp">
      <Filter>Engine</Filter>
    </ClCompile>
    <ClCompile Include="main.cpp" />
    <ClCompile Include="Audio.cpp">
      <Filter>Engine\Audio</Filter>
    </ClCompile>
    <ClCompile Include="DebugCamera.cpp">
      <Filter>Engine\DX</Filter>
    </ClCompile>
    <ClCompile Include="DXCom.cpp">
      <Filter>Engine\DX</Filter>
    </ClCompile>
    <ClCompile Include="Input.cpp">
      <Filter>Engine\Input</Filter>
    </ClCompile>
    <ClCompile Include="MatrixCalculation.cpp">
      <Filter>Engine\Math</Filter>
    </ClCompile>
    <ClCompile Include="MyVec2.cpp">
      <Filter>Engine\Math</Filter>
    </ClCompile>
    <ClCompile Include="MyVec3.cpp">
      <Filter>Engine\Math</Filter>
    </ClCompile>
    <ClCompile Include="MyWindow.cpp">
      <Filter>Engine\WinApp</Filter>
    </ClCompile>
    <ClCompile Include="TextureManager.cpp">
      <Filter>Engine\Model</Filter>
    </ClCompile>
    <ClCompile Include="Model.cpp">
      <Filter>Engine\Model</Filter>
    </ClCompile>
    <ClCompile Include="Mesh.cpp">
      <Filter>Engine\Model</Filter>
    </ClCompile>
    <ClCompile Include="Material.cpp">
      <Filter>Engine\Model</Filter>
    </ClCompile>
    <ClCompile Include="BasePipeline.cpp">
      <Filter>Engine\GraphicPipeline</Filter>
    </ClCompile>
    <ClCompile Include="GaussPipeline.cpp">
      <Filter>Engine\GraphicPipeline</Filter>
    </ClCompile>
    <ClCompile Include="GrayPipeline.cpp">
      <Filter>Engine\GraphicPipeline</Filter>
    </ClCompile>
    <ClCompile Include="MetaBallPipeline.cpp">
      <Filter>Engine\GraphicPipeline</Filter>
    </ClCompile>
    <ClCompile Include="NonePipeline.cpp">
      <Filter>Engine\GraphicPipeline</Filter>
    </ClCompile>
    <ClCompile Include="ParticlePipeline.cpp">
      <Filter>Engine\GraphicPipeline</Filter>
    </ClCompile>
    <ClCompile Include="Pipeline.cpp">
      <Filter>Engine\GraphicPipeline</Filter>
    </ClCompile>
    <ClCompile Include="DXCommand.cpp">
      <Filter>Engine\DX</Filter>
    </ClCompile>
    <ClCompile Include="DXCompil.cpp">
      <Filter>Engine\DX</Filter>
    </ClCompile>
    <ClCompile Include="Logger.cpp">
      <Filter>Engine\Logger</Filter>
    </ClCompile>
    <ClCompile Include="ImGuiManager.cpp">
      <Filter>Engine\ImGuiManager</Filter>
    </ClCompile>
  </ItemGroup>
  <ItemGroup>
    <ClInclude Include="externals\imgui\imconfig.h">
      <Filter>Externals\imgui</Filter>
    </ClInclude>
    <ClInclude Include="externals\imgui\imgui.h">
      <Filter>Externals\imgui</Filter>
    </ClInclude>
    <ClInclude Include="externals\imgui\imgui_impl_dx12.h">
      <Filter>Externals\imgui</Filter>
    </ClInclude>
    <ClInclude Include="externals\imgui\imgui_impl_win32.h">
      <Filter>Externals\imgui</Filter>
    </ClInclude>
    <ClInclude Include="externals\imgui\imgui_internal.h">
      <Filter>Externals\imgui</Filter>
    </ClInclude>
    <ClInclude Include="externals\imgui\imstb_rectpack.h">
      <Filter>Externals\imgui</Filter>
    </ClInclude>
    <ClInclude Include="externals\imgui\imstb_textedit.h">
      <Filter>Externals\imgui</Filter>
    </ClInclude>
    <ClInclude Include="externals\imgui\imstb_truetype.h">
      <Filter>Externals\imgui</Filter>
    </ClInclude>
    <ClInclude Include="Fuji.h">
      <Filter>Engine</Filter>
    </ClInclude>
    <ClInclude Include="My.h">
      <Filter>Engine</Filter>
    </ClInclude>
    <ClInclude Include="GameScene.h">
      <Filter>Game</Filter>
    </ClInclude>
    <ClInclude Include="Audio.h">
      <Filter>Engine\DX</Filter>
    </ClInclude>
    <ClInclude Include="DebugCamera.h">
      <Filter>Engine\DX</Filter>
    </ClInclude>
    <ClInclude Include="DXCom.h">
      <Filter>Engine\DX</Filter>
    </ClInclude>
    <ClInclude Include="Input.h">
      <Filter>Engine\Input</Filter>
    </ClInclude>
    <ClInclude Include="MatrixCalculation.h">
      <Filter>Engine\Math</Filter>
    </ClInclude>
    <ClInclude Include="MyVec2.h">
      <Filter>Engine\Math</Filter>
    </ClInclude>
    <ClInclude Include="MyVec3.h">
      <Filter>Engine\Math</Filter>
    </ClInclude>
    <ClInclude Include="Vector3.h">
      <Filter>Engine\Math</Filter>
    </ClInclude>
    <ClInclude Include="Vector2Matrix.h">
      <Filter>Engine\Math</Filter>
    </ClInclude>
    <ClInclude Include="Vector2.h">
      <Filter>Engine\Math</Filter>
    </ClInclude>
    <ClInclude Include="MyWindow.h">
      <Filter>Engine\WinApp</Filter>
    </ClInclude>
    <ClInclude Include="TextureManager.h">
      <Filter>Engine\Model</Filter>
    </ClInclude>
    <ClInclude Include="Model.h">
      <Filter>Engine\Model</Filter>
    </ClInclude>
    <ClInclude Include="Mesh.h">
      <Filter>Engine\Model</Filter>
    </ClInclude>
    <ClInclude Include="Material.h">
      <Filter>Engine\Model</Filter>
    </ClInclude>
    <ClInclude Include="BasePipeline.h">
      <Filter>Engine\GraphicPipeline</Filter>
    </ClInclude>
    <ClInclude Include="GaussPipeline.h">
      <Filter>Engine\GraphicPipeline</Filter>
    </ClInclude>
    <ClInclude Include="GrayPipeline.h">
      <Filter>Engine\GraphicPipeline</Filter>
    </ClInclude>
    <ClInclude Include="MetaBallPipeline.h">
      <Filter>Engine\GraphicPipeline</Filter>
    </ClInclude>
    <ClInclude Include="NonePipeline.h">
      <Filter>Engine\GraphicPipeline</Filter>
    </ClInclude>
    <ClInclude Include="ParticlePipeline.h">
      <Filter>Engine\GraphicPipeline</Filter>
    </ClInclude>
    <ClInclude Include="Pipeline.h">
      <Filter>Engine\GraphicPipeline</Filter>
    </ClInclude>
    <ClInclude Include="DXCommand.h">
      <Filter>Engine\DX</Filter>
    </ClInclude>
    <ClInclude Include="DXCompil.h">
      <Filter>Engine\DX</Filter>
    </ClInclude>
    <ClInclude Include="Logger.h">
      <Filter>Engine\Logger</Filter>
    </ClInclude>
    <ClInclude Include="ImGuiManager.h">
      <Filter>Engine\ImGuiManager</Filter>
    </ClInclude>
  </ItemGroup>
  <ItemGroup>
    <FxCompile Include="GaussianBlur.PS.hlsl">
      <Filter>resource</Filter>
    </FxCompile>
    <FxCompile Include="GaussianBlur.VS.hlsl">
      <Filter>resource</Filter>
    </FxCompile>
    <FxCompile Include="MetaBall.PS.hlsl">
      <Filter>resource</Filter>
    </FxCompile>
    <FxCompile Include="MetaBall.VS.hlsl">
      <Filter>resource</Filter>
    </FxCompile>
    <FxCompile Include="NonePost.PS.hlsl">
      <Filter>resource</Filter>
    </FxCompile>
    <FxCompile Include="NonePost.VS.hlsl">
      <Filter>resource</Filter>
    </FxCompile>
    <FxCompile Include="Object3d.PS.hlsl">
      <Filter>resource</Filter>
    </FxCompile>
    <FxCompile Include="Object3d.VS.hlsl">
      <Filter>resource</Filter>
    </FxCompile>
    <FxCompile Include="Particle.PS.hlsl">
      <Filter>resource</Filter>
    </FxCompile>
    <FxCompile Include="Particle.VS.hlsl">
      <Filter>resource</Filter>
    </FxCompile>
    <FxCompile Include="SimpleGrayscale.PS.hlsl">
      <Filter>resource</Filter>
    </FxCompile>
    <FxCompile Include="SimpleGrayscale.VS.hlsl">
      <Filter>resource</Filter>
    </FxCompile>
  </ItemGroup>
  <ItemGroup>
    <Text Include="externals\imgui\LICENSE.txt">
      <Filter>Externals\imgui</Filter>
    </Text>
  </ItemGroup>
  <ItemGroup>
    <None Include="Object3d.hlsli">
      <Filter>resource</Filter>
    </None>
    <None Include="Particle.hlsli">
      <Filter>resource</Filter>
    </None>
  </ItemGroup>
</Project>