<?xml version="1.0" encoding="utf-8"?>
<Project ToolsVersion="4.0" xmlns="http://schemas.microsoft.com/developer/msbuild/2003">
  <ItemGroup>
    <ClCompile Include="main.cpp" />
    <ClCompile Include="Engine\Audio\Audio.cpp">
      <Filter>Engine\Audio</Filter>
    </ClCompile>
    <ClCompile Include="Engine\DX\DXCom.cpp">
      <Filter>Engine\DX</Filter>
    </ClCompile>
    <ClCompile Include="Engine\DX\DXCommand.cpp">
      <Filter>Engine\DX</Filter>
    </ClCompile>
    <ClCompile Include="Engine\DX\DXCompil.cpp">
      <Filter>Engine\DX</Filter>
    </ClCompile>
    <ClCompile Include="Engine\GraphicPipeline\BasePipeline.cpp">
      <Filter>Engine\GraphicPipeline</Filter>
    </ClCompile>
    <ClCompile Include="Engine\GraphicPipeline\GaussPipeline.cpp">
      <Filter>Engine\GraphicPipeline</Filter>
    </ClCompile>
    <ClCompile Include="Engine\GraphicPipeline\GrayPipeline.cpp">
      <Filter>Engine\GraphicPipeline</Filter>
    </ClCompile>
    <ClCompile Include="Engine\GraphicPipeline\MetaBallPipeline.cpp">
      <Filter>Engine\GraphicPipeline</Filter>
    </ClCompile>
    <ClCompile Include="Engine\GraphicPipeline\NonePipeline.cpp">
      <Filter>Engine\GraphicPipeline</Filter>
    </ClCompile>
    <ClCompile Include="Engine\GraphicPipeline\ParticlePipeline.cpp">
      <Filter>Engine\GraphicPipeline</Filter>
    </ClCompile>
    <ClCompile Include="Engine\GraphicPipeline\Pipeline.cpp">
      <Filter>Engine\GraphicPipeline</Filter>
    </ClCompile>
    <ClCompile Include="Engine\ImGuiManager\ImGuiManager.cpp">
      <Filter>Engine\ImGuiManager</Filter>
    </ClCompile>
    <ClCompile Include="Engine\Input\Input.cpp">
      <Filter>Engine\Input</Filter>
    </ClCompile>
    <ClCompile Include="Engine\Logger\Logger.cpp">
      <Filter>Engine\Logger</Filter>
    </ClCompile>
    <ClCompile Include="Engine\Model\Material.cpp">
      <Filter>Engine\Model</Filter>
    </ClCompile>
    <ClCompile Include="Engine\Model\Mesh.cpp">
      <Filter>Engine\Model</Filter>
    </ClCompile>
    <ClCompile Include="Engine\Model\Model.cpp">
      <Filter>Engine\Model</Filter>
    </ClCompile>
    <ClCompile Include="Engine\Model\TextureManager.cpp">
      <Filter>Engine\Model</Filter>
    </ClCompile>
    <ClCompile Include="Engine\Math\MatrixCalculation.cpp">
      <Filter>Engine\Math</Filter>
    </ClCompile>
    <ClCompile Include="Engine\WinApp\MyWindow.cpp">
      <Filter>Engine\WinApp</Filter>
    </ClCompile>
    <ClCompile Include="Engine\Light\DirectionLight.cpp">
      <Filter>Engine\Light</Filter>
    </ClCompile>
    <ClCompile Include="Engine\Light\PointLight.cpp">
      <Filter>Engine\Light</Filter>
    </ClCompile>
    <ClCompile Include="Engine\Light\PointLightManager.cpp">
      <Filter>Engine\Light</Filter>
    </ClCompile>
    <ClCompile Include="Engine\Light\SpotLight.cpp">
      <Filter>Engine\Light</Filter>
    </ClCompile>
    <ClCompile Include="Engine\DX\FPSKeeper.cpp">
      <Filter>Engine\DX</Filter>
    </ClCompile>
    <ClCompile Include="Engine\GlobalVariables\GlobalVariables.cpp">
      <Filter>Engine\GlobalVariables</Filter>
    </ClCompile>
    <ClCompile Include="Engine\Model\ModelCommon.cpp">
      <Filter>Engine\Model</Filter>
    </ClCompile>
    <ClCompile Include="Engine\Model\ModelManager.cpp">
      <Filter>Engine\Model</Filter>
    </ClCompile>
    <ClCompile Include="Engine\Model\Object3d.cpp">
      <Filter>Engine\Model</Filter>
    </ClCompile>
    <ClCompile Include="Engine\Model\Object3dCommon.cpp">
      <Filter>Engine\Model</Filter>
    </ClCompile>
    <ClCompile Include="Engine\Model\Sprite.cpp">
      <Filter>Engine\Model</Filter>
    </ClCompile>
    <ClCompile Include="Engine\GraphicPipeline\PipelineManager.cpp">
      <Filter>Engine\GraphicPipeline</Filter>
    </ClCompile>
    <ClCompile Include="Engine\Math\Random.cpp">
      <Filter>Engine\Math</Filter>
    </ClCompile>
    <ClCompile Include="Engine\Scene\BaseScene.cpp">
      <Filter>Engine\Scene</Filter>
    </ClCompile>
    <ClCompile Include="Engine\Particle\Particle.cpp">
      <Filter>Engine\Particle</Filter>
    </ClCompile>
    <ClCompile Include="Engine\Particle\ParticleEmitter.cpp">
      <Filter>Engine\Particle</Filter>
    </ClCompile>
    <ClCompile Include="Engine\Particle\ParticleManager.cpp">
      <Filter>Engine\Particle</Filter>
    </ClCompile>
    <ClCompile Include="Engine\DX\SRVManager.cpp">
      <Filter>Engine\DX</Filter>
    </ClCompile>
    <ClCompile Include="Engine\Scene\SceneManager.cpp">
      <Filter>Engine\Scene</Filter>
    </ClCompile>
    <ClCompile Include="Engine\GraphicPipeline\ShockWavePipe.cpp">
      <Filter>Engine\GraphicPipeline</Filter>
    </ClCompile>
    <ClCompile Include="Engine\DX\Framework.cpp">
      <Filter>Engine\DX</Filter>
    </ClCompile>
    <ClCompile Include="Engine\GraphicPipeline\FirePipe.cpp">
      <Filter>Engine\GraphicPipeline</Filter>
    </ClCompile>
    <ClCompile Include="Engine\GraphicPipeline\ThunderPipe.cpp">
      <Filter>Engine\GraphicPipeline</Filter>
    </ClCompile>
    <ClCompile Include="Game\OriginGameObject.cpp">
      <Filter>Game</Filter>
    </ClCompile>
    <ClCompile Include="Engine\Model\Line3dDrawer.cpp">
      <Filter>Engine\Model</Filter>
    </ClCompile>
    <ClCompile Include="Engine\GraphicPipeline\Line3dPipe.cpp">
      <Filter>Engine\GraphicPipeline</Filter>
    </ClCompile>
    <ClCompile Include="Engine\Camera\Camera.cpp">
      <Filter>Engine\Camera</Filter>
    </ClCompile>
    <ClCompile Include="Engine\Camera\CameraManager.cpp">
      <Filter>Engine\Camera</Filter>
    </ClCompile>
    <ClCompile Include="Engine\Camera\DebugCamera.cpp">
      <Filter>Engine\Camera</Filter>
    </ClCompile>
    <ClCompile Include="Game\Scene\GameRun.cpp">
      <Filter>Game\Scene</Filter>
    </ClCompile>
    <ClCompile Include="Game\Scene\GameScene.cpp">
      <Filter>Game\Scene</Filter>
    </ClCompile>
    <ClCompile Include="Game\Scene\ResultScene.cpp">
      <Filter>Game\Scene</Filter>
    </ClCompile>
    <ClCompile Include="Game\Scene\SceneFactory.cpp">
      <Filter>Game\Scene</Filter>
    </ClCompile>
    <ClCompile Include="Game\Scene\TitleScene.cpp">
      <Filter>Game\Scene</Filter>
    </ClCompile>
    <ClCompile Include="Game\Collider\BaseCollider.cpp">
      <Filter>Game\Collider</Filter>
    </ClCompile>
    <ClCompile Include="Game\Collider\AABBCollider.cpp">
      <Filter>Game\Collider</Filter>
    </ClCompile>
    <ClCompile Include="Game\Collider\CollisionManager.cpp">
      <Filter>Game\Collider</Filter>
    </ClCompile>
    <ClCompile Include="Engine\Math\Quaternion.cpp">
      <Filter>Engine\Math</Filter>
    </ClCompile>
    <ClCompile Include="Engine\GraphicPipeline\CRTPipe.cpp">
      <Filter>Engine\GraphicPipeline</Filter>
    </ClCompile>
    <ClCompile Include="Game\GameObj\Player\Player.cpp">
      <Filter>Game\GameObj\Player</Filter>
    </ClCompile>
    <ClCompile Include="Engine\Math\Vector4.cpp">
      <Filter>Engine\Math</Filter>
    </ClCompile>
    <ClCompile Include="Engine\Math\Easing.cpp">
      <Filter>Engine\Math</Filter>
    </ClCompile>
    <ClCompile Include="Engine\Math\MathFunction.cpp">
      <Filter>Engine\Math</Filter>
    </ClCompile>
    <ClCompile Include="Game\GameObj\JoyState\JoyState.cpp">
      <Filter>Game\JoyState</Filter>
    </ClCompile>
    <ClCompile Include="Game\GameObj\GameCamera\GameCamera.cpp">
      <Filter>Game\GameObj\GameCamera</Filter>
    </ClCompile>
    <ClCompile Include="Game\GameObj\Field\Field.cpp">
      <Filter>Game\GameObj\Field</Filter>
    </ClCompile>
    <ClCompile Include="Game\GameObj\SkyDome\SkyDome.cpp">
      <Filter>Game\GameObj\SkyDome</Filter>
    </ClCompile>
    <ClCompile Include="Engine\KRailEditor\ControlPosManager.cpp">
      <Filter>Engine\KRailEditor</Filter>
    </ClCompile>
    <ClCompile Include="Engine\KRailEditor\EmitRail.cpp">
      <Filter>Engine\KRailEditor</Filter>
    </ClCompile>
    <ClCompile Include="Engine\KRailEditor\RailManager.cpp">
      <Filter>Engine\KRailEditor</Filter>
    </ClCompile>
    <ClCompile Include="Game\GameObj\Enemy\BaseEnemy.cpp">
      <Filter>Game\GameObj\Enemy</Filter>
    </ClCompile>
    <ClCompile Include="Game\GameObj\Enemy\EnemyManager.cpp">
      <Filter>Game\GameObj\Enemy</Filter>
    </ClCompile>
    <ClCompile Include="Game\GameObj\Enemy\NormalEnemy.cpp">
      <Filter>Game\GameObj\Enemy</Filter>
    </ClCompile>
    <ClCompile Include="Game\GameObj\Enemy\Behavior\BaseEnemyBehavior.cpp">
      <Filter>Game\Behavior\Enemy</Filter>
    </ClCompile>
    <ClCompile Include="Game\GameObj\Enemy\Behavior\EnemyRoot.cpp">
      <Filter>Game\Behavior\Enemy</Filter>
    </ClCompile>
    <ClCompile Include="Game\GameObj\Enemy\MissileEnemy.cpp">
      <Filter>Game\GameObj\Enemy</Filter>
    </ClCompile>
    <ClCompile Include="Game\GameObj\Enemy\Behavior\EnemyFall.cpp">
      <Filter>Game\Behavior\Enemy</Filter>
    </ClCompile>
    <ClCompile Include="Game\GameObj\Enemy\Behavior\EnemyExplotion.cpp">
      <Filter>Game\Behavior\Enemy</Filter>
    </ClCompile>
    <ClCompile Include="Game\GameObj\UFO\UFO.cpp">
      <Filter>Game\GameObj\UFO</Filter>
    </ClCompile>
    <ClCompile Include="Game\GameObj\UFO\Behavior\BaseUFOrBehavior.cpp">
      <Filter>Game\Behavior\UFO</Filter>
    </ClCompile>
    <ClCompile Include="Game\GameObj\UFO\Behavior\UFORoot.cpp">
      <Filter>Game\Behavior\UFO</Filter>
    </ClCompile>
    <ClCompile Include="Game\GameObj\Enemy\Behavior\EnemyBlowingWeak.cpp">
      <Filter>Game\Behavior\Enemy</Filter>
    </ClCompile>
    <ClCompile Include="Game\GameObj\PlayerBehavior\BasePlayerBehavior.cpp">
      <Filter>Game\Behavior\Player\NormalBehavior</Filter>
    </ClCompile>
    <ClCompile Include="Game\GameObj\PlayerBehavior\PlayerJump.cpp">
      <Filter>Game\Behavior\Player\NormalBehavior</Filter>
    </ClCompile>
    <ClCompile Include="Game\GameObj\PlayerBehavior\PlayerRoot.cpp">
      <Filter>Game\Behavior\Player\NormalBehavior</Filter>
    </ClCompile>
    <ClCompile Include="Game\GameObj\PlayerBehavior\PlayerKikAttack.cpp">
      <Filter>Game\Behavior\Player\AttackBehavior</Filter>
    </ClCompile>
    <ClCompile Include="Game\GameObj\PlayerBehavior\BasePlayerAttackBehavior.cpp">
      <Filter>Game\Behavior\Player\AttackBehavior</Filter>
    </ClCompile>
    <ClCompile Include="Game\GameObj\PlayerBehavior\PlayerAttackRoot.cpp">
      <Filter>Game\Behavior\Player\AttackBehavior</Filter>
    </ClCompile>
    <ClCompile Include="Game\GameObj\PlayerBehavior\PlayerRecoil.cpp">
      <Filter>Game\Behavior\Player\NormalBehavior</Filter>
    </ClCompile>
    <ClCompile Include="Game\GameObj\UFO\Behavior\UFODamage.cpp">
      <Filter>Game\Behavior\UFO</Filter>
    </ClCompile>
    <ClCompile Include="Game\GameObj\Enemy\Behavior\EnemyBound.cpp">
      <Filter>Game\Behavior\Enemy</Filter>
    </ClCompile>
    <ClCompile Include="Game\GameObj\KikArea\KikArea.cpp">
      <Filter>Game\GameObj\KikArea</Filter>
    </ClCompile>
    <ClCompile Include="Game\GameObj\PlayerBehavior\PlayerSpecialFall.cpp">
      <Filter>Game\Behavior\Player\AttackBehavior</Filter>
    </ClCompile>
    <ClCompile Include="Game\Scene\GameOverScene.cpp">
      <Filter>Game\Scene</Filter>
    </ClCompile>
    <ClCompile Include="Game\GameObj\Timer\Timer.cpp">
      <Filter>Game\GameObj\Timer</Filter>
    </ClCompile>
    <ClCompile Include="Game\GameObj\KikDirectionView\KikDirectionView.cpp">
      <Filter>Game\GameObj\KikDirectionView</Filter>
    </ClCompile>
    <ClCompile Include="Game\GameObj\Enemy\Behavior\EnemyBlowingStrong.cpp">
      <Filter>Game\Behavior\Enemy</Filter>
    </ClCompile>
    <ClCompile Include="Game\GameObj\Enemy\Behavior\EnemySpawnFall.cpp">
      <Filter>Game\Behavior\Enemy</Filter>
    </ClCompile>
    <ClCompile Include="Game\GameObj\Enemy\EnemySpawn\EnemySpawn.cpp">
      <Filter>Game\GameObj\Enemy\EnemySpawn</Filter>
    </ClCompile>
    <ClCompile Include="Game\GameObj\FieldBlock\FieldBlock.cpp">
      <Filter>Game\GameObj\FieldBlock</Filter>
    </ClCompile>
    <ClCompile Include="Game\GameObj\FieldBlock\FieldBlockManager.cpp">
      <Filter>Game\GameObj\FieldBlock</Filter>
    </ClCompile>
    <ClCompile Include="Game\GameObj\FieldBlock\State\BaseFieldBlockState.cpp">
      <Filter>Game\GameObj\FieldBlock\State</Filter>
    </ClCompile>
    <ClCompile Include="Game\GameObj\FieldBlock\State\FieldBlockNormal.cpp">
      <Filter>Game\GameObj\FieldBlock\State</Filter>
    </ClCompile>
    <ClCompile Include="Game\GameObj\FieldBlock\Behavior\BaseFieldBlockBehavior.cpp">
      <Filter>Game\Behavior\FieldBLock</Filter>
    </ClCompile>
    <ClCompile Include="Game\GameObj\FieldBlock\Behavior\FieldBlockTakeDamage.cpp">
      <Filter>Game\Behavior\FieldBLock</Filter>
    </ClCompile>
    <ClCompile Include="Game\GameObj\FieldBlock\Behavior\FieldBlockNoDamage.cpp">
      <Filter>Game\Behavior\FieldBLock</Filter>
    </ClCompile>
    <ClCompile Include="Game\GameObj\FieldBlock\State\FieldBlockDaungerous.cpp">
      <Filter>Game\GameObj\FieldBlock\State</Filter>
    </ClCompile>
    <ClCompile Include="Game\GameObj\Player\State\PlayerDeath.cpp">
      <Filter>Game\GameObj\Player\State</Filter>
    </ClCompile>
    <ClCompile Include="Game\GameObj\Player\State\BasePlayerState.cpp">
      <Filter>Game\GameObj\Player\State</Filter>
    </ClCompile>
    <ClCompile Include="Game\GameObj\Player\State\PlayerRespown.cpp">
      <Filter>Game\GameObj\Player\State</Filter>
    </ClCompile>
    <ClCompile Include="Game\GameObj\Player\State\PlayerNoneState.cpp">
      <Filter>Game\GameObj\Player\State</Filter>
    </ClCompile>
    <ClCompile Include="Game\GameObj\Enemy\State\BaseEnemyState.cpp">
      <Filter>Game\GameObj\Enemy\State</Filter>
    </ClCompile>
    <ClCompile Include="Game\GameObj\Enemy\State\EnemyPowerUp.cpp">
      <Filter>Game\GameObj\Enemy\State</Filter>
    </ClCompile>
    <ClCompile Include="Game\GameObj\Enemy\State\EnemyNoneState.cpp">
      <Filter>Game\GameObj\Enemy\State</Filter>
    </ClCompile>
    <ClCompile Include="Engine\GraphicPipeline\ParticleSabPipe.cpp">
      <Filter>Engine\GraphicPipeline</Filter>
    </ClCompile>
    <ClCompile Include="Engine\GraphicPipeline\PlaneDrawerPipe.cpp">
      <Filter>Engine\GraphicPipeline</Filter>
    </ClCompile>
    <ClCompile Include="Engine\Model\PlaneDrawer.cpp">
      <Filter>Engine\Model</Filter>
    </ClCompile>
    <ClCompile Include="Game\GameObj\LifeUI\LifeUI.cpp">
      <Filter>Game\GameObj\LifeUI</Filter>
    </ClCompile>
    <ClCompile Include="Game\GameObj\LifeUI\behavior\BaseLifeUIBehavior.cpp">
      <Filter>Game\Behavior\LifeUI</Filter>
    </ClCompile>
    <ClCompile Include="Game\GameObj\LifeUI\behavior\LifeUIRoot.cpp">
      <Filter>Game\Behavior\LifeUI</Filter>
    </ClCompile>
    <ClCompile Include="Game\GameObj\LifeUI\behavior\LifeUIDeath.cpp">
      <Filter>Game\Behavior\LifeUI</Filter>
    </ClCompile>
    <ClCompile Include="Game\GameObj\GameOverScreen\GameOver.cpp">
      <Filter>Game\GameObj\GameOverScreen</Filter>
    </ClCompile>
    <ClCompile Include="Game\GameObj\UFO\State\UFOMissilePop.cpp">
      <Filter>Game\Behavior\UFO\State</Filter>
    </ClCompile>
    <ClCompile Include="Game\GameObj\UFO\State\BaseUFOState.cpp">
      <Filter>Game\Behavior\UFO\State</Filter>
    </ClCompile>
    <ClCompile Include="Game\GameObj\UFO\State\UFOPopWait.cpp">
      <Filter>Game\Behavior\UFO\State</Filter>
    </ClCompile>
    <ClCompile Include="Game\GameObj\GamePreStart\GamePreStart.cpp">
      <Filter>Game\GameObj\GamePreStart</Filter>
    </ClCompile>
    <ClCompile Include="Game\Titleobj\BaseTitleSprite.cpp">
      <Filter>Game\TitleObj</Filter>
    </ClCompile>
    <ClCompile Include="Game\Titleobj\TitleBom.cpp">
      <Filter>Game\TitleObj</Filter>
    </ClCompile>
    <ClCompile Include="Game\Titleobj\TitleBottom.cpp">
      <Filter>Game\TitleObj</Filter>
    </ClCompile>
    <ClCompile Include="Game\Titleobj\TitleAnimationManager.cpp">
      <Filter>Game\TitleObj</Filter>
    </ClCompile>
    <ClCompile Include="Game\GameObj\BackGround\BackGround.cpp">
      <Filter>Game\GameObj\BackGround</Filter>
    </ClCompile>
  </ItemGroup>
  <ItemGroup>
    <ClInclude Include="Engine\Audio\Audio.h">
      <Filter>Engine\Audio</Filter>
    </ClInclude>
    <ClInclude Include="Engine\DX\DXCom.h">
      <Filter>Engine\DX</Filter>
    </ClInclude>
    <ClInclude Include="Engine\DX\DXCommand.h">
      <Filter>Engine\DX</Filter>
    </ClInclude>
    <ClInclude Include="Engine\DX\DXCompil.h">
      <Filter>Engine\DX</Filter>
    </ClInclude>
    <ClInclude Include="Engine\GraphicPipeline\BasePipeline.h">
      <Filter>Engine\GraphicPipeline</Filter>
    </ClInclude>
    <ClInclude Include="Engine\GraphicPipeline\GaussPipeline.h">
      <Filter>Engine\GraphicPipeline</Filter>
    </ClInclude>
    <ClInclude Include="Engine\GraphicPipeline\GrayPipeline.h">
      <Filter>Engine\GraphicPipeline</Filter>
    </ClInclude>
    <ClInclude Include="Engine\GraphicPipeline\MetaBallPipeline.h">
      <Filter>Engine\GraphicPipeline</Filter>
    </ClInclude>
    <ClInclude Include="Engine\GraphicPipeline\NonePipeline.h">
      <Filter>Engine\GraphicPipeline</Filter>
    </ClInclude>
    <ClInclude Include="Engine\GraphicPipeline\ParticlePipeline.h">
      <Filter>Engine\GraphicPipeline</Filter>
    </ClInclude>
    <ClInclude Include="Engine\GraphicPipeline\Pipeline.h">
      <Filter>Engine\GraphicPipeline</Filter>
    </ClInclude>
    <ClInclude Include="Engine\ImGuiManager\ImGuiManager.h">
      <Filter>Engine\ImGuiManager</Filter>
    </ClInclude>
    <ClInclude Include="Engine\Input\Input.h">
      <Filter>Engine\Input</Filter>
    </ClInclude>
    <ClInclude Include="Engine\Logger\Logger.h">
      <Filter>Engine\Logger</Filter>
    </ClInclude>
    <ClInclude Include="Engine\Model\Material.h">
      <Filter>Engine\Model</Filter>
    </ClInclude>
    <ClInclude Include="Engine\Model\Mesh.h">
      <Filter>Engine\Model</Filter>
    </ClInclude>
    <ClInclude Include="Engine\Model\Model.h">
      <Filter>Engine\Model</Filter>
    </ClInclude>
    <ClInclude Include="Engine\Model\TextureManager.h">
      <Filter>Engine\Model</Filter>
    </ClInclude>
    <ClInclude Include="Engine\Math\MatrixCalculation.h">
      <Filter>Engine\Math</Filter>
    </ClInclude>
    <ClInclude Include="Engine\Math\Vector2.h">
      <Filter>Engine\Math</Filter>
    </ClInclude>
    <ClInclude Include="Engine\Math\Vector2Matrix.h">
      <Filter>Engine\Math</Filter>
    </ClInclude>
    <ClInclude Include="Engine\Math\Vector3.h">
      <Filter>Engine\Math</Filter>
    </ClInclude>
    <ClInclude Include="Engine\WinApp\MyWindow.h">
      <Filter>Engine\WinApp</Filter>
    </ClInclude>
    <ClInclude Include="Engine\Light\DirectionLight.h">
      <Filter>Engine\Light</Filter>
    </ClInclude>
    <ClInclude Include="Engine\Light\PointLight.h">
      <Filter>Engine\Light</Filter>
    </ClInclude>
    <ClInclude Include="Engine\Light\PointLightManager.h">
      <Filter>Engine\Light</Filter>
    </ClInclude>
    <ClInclude Include="Engine\Light\SpotLight.h">
      <Filter>Engine\Light</Filter>
    </ClInclude>
    <ClInclude Include="Engine\DX\FPSKeeper.h">
      <Filter>Engine\DX</Filter>
    </ClInclude>
    <ClInclude Include="Engine\GlobalVariables\GlobalVariables.h">
      <Filter>Engine\GlobalVariables</Filter>
    </ClInclude>
    <ClInclude Include="Engine\Model\ModelCommon.h">
      <Filter>Engine\Model</Filter>
    </ClInclude>
    <ClInclude Include="Engine\Model\ModelManager.h">
      <Filter>Engine\Model</Filter>
    </ClInclude>
    <ClInclude Include="Engine\Model\Object3d.h">
      <Filter>Engine\Model</Filter>
    </ClInclude>
    <ClInclude Include="Engine\Model\Object3dCommon.h">
      <Filter>Engine\Model</Filter>
    </ClInclude>
    <ClInclude Include="Engine\Model\Sprite.h">
      <Filter>Engine\Model</Filter>
    </ClInclude>
    <ClInclude Include="Engine\GraphicPipeline\PipelineManager.h">
      <Filter>Engine\GraphicPipeline</Filter>
    </ClInclude>
    <ClInclude Include="Engine\Math\Random.h">
      <Filter>Engine\Math</Filter>
    </ClInclude>
    <ClInclude Include="Engine\Scene\BaseScene.h">
      <Filter>Engine\Scene</Filter>
    </ClInclude>
    <ClInclude Include="Engine\Particle\Particle.h">
      <Filter>Engine\Particle</Filter>
    </ClInclude>
    <ClInclude Include="Engine\Particle\ParticleEmitter.h">
      <Filter>Engine\Particle</Filter>
    </ClInclude>
    <ClInclude Include="Engine\Particle\ParticleManager.h">
      <Filter>Engine\Particle</Filter>
    </ClInclude>
    <ClInclude Include="Engine\DX\SRVManager.h">
      <Filter>Engine\DX</Filter>
    </ClInclude>
    <ClInclude Include="Engine\Scene\SceneManager.h">
      <Filter>Engine\Scene</Filter>
    </ClInclude>
    <ClInclude Include="Engine\GraphicPipeline\ShockWavePipe.h">
      <Filter>Engine\GraphicPipeline</Filter>
    </ClInclude>
    <ClInclude Include="Engine\DX\Framework.h">
      <Filter>Engine\DX</Filter>
    </ClInclude>
    <ClInclude Include="Engine\GraphicPipeline\FirePipe.h">
      <Filter>Engine\GraphicPipeline</Filter>
    </ClInclude>
    <ClInclude Include="Engine\GraphicPipeline\ThunderPipe.h">
      <Filter>Engine\GraphicPipeline</Filter>
    </ClInclude>
    <ClInclude Include="Engine\Scene\AbstractSceneFactory.h">
      <Filter>Engine\Scene</Filter>
    </ClInclude>
    <ClInclude Include="Game\OriginGameObject.h">
      <Filter>Game</Filter>
    </ClInclude>
    <ClInclude Include="Engine\Model\Line3dDrawer.h">
      <Filter>Engine\Model</Filter>
    </ClInclude>
    <ClInclude Include="Engine\GraphicPipeline\Line3dPipe.h">
      <Filter>Engine\GraphicPipeline</Filter>
    </ClInclude>
    <ClInclude Include="Game\TestBaseObj.h">
      <Filter>Game</Filter>
    </ClInclude>
    <ClInclude Include="Engine\Camera\Camera.h">
      <Filter>Engine\Camera</Filter>
    </ClInclude>
    <ClInclude Include="Engine\Camera\CameraManager.h">
      <Filter>Engine\Camera</Filter>
    </ClInclude>
    <ClInclude Include="Engine\Camera\DebugCamera.h">
      <Filter>Engine\Camera</Filter>
    </ClInclude>
    <ClInclude Include="Game\Scene\GameRun.h">
      <Filter>Game\Scene</Filter>
    </ClInclude>
    <ClInclude Include="Game\Scene\GameScene.h">
      <Filter>Game\Scene</Filter>
    </ClInclude>
    <ClInclude Include="Game\Scene\ResultScene.h">
      <Filter>Game\Scene</Filter>
    </ClInclude>
    <ClInclude Include="Game\Scene\SceneFactory.h">
      <Filter>Game\Scene</Filter>
    </ClInclude>
    <ClInclude Include="Game\Scene\TitleScene.h">
      <Filter>Game\Scene</Filter>
    </ClInclude>
    <ClInclude Include="Game\Collider\BaseCollider.h">
      <Filter>Game\Collider</Filter>
    </ClInclude>
    <ClInclude Include="Game\Collider\AABBCollider.h">
      <Filter>Game\Collider</Filter>
    </ClInclude>
    <ClInclude Include="Game\Collider\CollisionManager.h">
      <Filter>Game\Collider</Filter>
    </ClInclude>
    <ClInclude Include="Engine\Math\Quaternion.h">
      <Filter>Engine\Math</Filter>
    </ClInclude>
    <ClInclude Include="Game\GameObj\Player\Player.h">
      <Filter>Game\GameObj\Player</Filter>
    </ClInclude>
    <ClInclude Include="Engine\Math\Vector4.h">
      <Filter>Engine\Math</Filter>
    </ClInclude>
    <ClInclude Include="Engine\Math\Easing.h">
      <Filter>Engine\Math</Filter>
    </ClInclude>
    <ClInclude Include="Engine\Math\MathFunction.h">
      <Filter>Engine\Math</Filter>
    </ClInclude>
    <ClInclude Include="Game\OriginState.h">
      <Filter>Game</Filter>
    </ClInclude>
    <ClInclude Include="Game\GameObj\JoyState\JoyState.h">
      <Filter>Game\JoyState</Filter>
    </ClInclude>
    <ClInclude Include="Game\GameObj\GameCamera\GameCamera.h">
      <Filter>Game\GameObj\GameCamera</Filter>
    </ClInclude>
    <ClInclude Include="Game\GameObj\Field\Field.h">
      <Filter>Game\GameObj\Field</Filter>
    </ClInclude>
    <ClInclude Include="Game\GameObj\SkyDome\SkyDome.h">
      <Filter>Game\GameObj\SkyDome</Filter>
    </ClInclude>
    <ClInclude Include="Engine\KRailEditor\ControlPosManager.h">
      <Filter>Engine\KRailEditor</Filter>
    </ClInclude>
    <ClInclude Include="Engine\KRailEditor\EmitRail.h">
      <Filter>Engine\KRailEditor</Filter>
    </ClInclude>
    <ClInclude Include="Engine\KRailEditor\RailManager.h">
      <Filter>Engine\KRailEditor</Filter>
    </ClInclude>
    <ClInclude Include="Game\GameObj\Enemy\BaseEnemy.h">
      <Filter>Game\GameObj\Enemy</Filter>
    </ClInclude>
    <ClInclude Include="Game\GameObj\Enemy\EnemyManager.h">
      <Filter>Game\GameObj\Enemy</Filter>
    </ClInclude>
    <ClInclude Include="Game\GameObj\Enemy\NormalEnemy.h">
      <Filter>Game\GameObj\Enemy</Filter>
    </ClInclude>
    <ClInclude Include="Game\GameObj\Enemy\Behavior\BaseEnemyBehavior.h">
      <Filter>Game\Behavior\Enemy</Filter>
    </ClInclude>
    <ClInclude Include="Game\GameObj\Enemy\Behavior\EnemyRoot.h">
      <Filter>Game\Behavior\Enemy</Filter>
    </ClInclude>
    <ClInclude Include="Game\GameObj\Enemy\MissileEnemy.h">
      <Filter>Game\GameObj\Enemy</Filter>
    </ClInclude>
    <ClInclude Include="Game\GameObj\Enemy\Behavior\EnemyFall.h">
      <Filter>Game\Behavior\Enemy</Filter>
    </ClInclude>
    <ClInclude Include="Game\GameObj\Enemy\Behavior\EnemyExplotion.h">
      <Filter>Game\Behavior\Enemy</Filter>
    </ClInclude>
    <ClInclude Include="Game\GameObj\UFO\UFO.h">
      <Filter>Game\GameObj\UFO</Filter>
    </ClInclude>
    <ClInclude Include="Game\GameObj\UFO\Behavior\BaseUFOrBehavior.h">
      <Filter>Game\Behavior\UFO</Filter>
    </ClInclude>
    <ClInclude Include="Game\GameObj\UFO\Behavior\UFORoot.h">
      <Filter>Game\Behavior\UFO</Filter>
    </ClInclude>
    <ClInclude Include="Game\GameObj\Enemy\Behavior\EnemyBlowingWeak.h">
      <Filter>Game\Behavior\Enemy</Filter>
    </ClInclude>
    <ClInclude Include="Game\GameObj\PlayerBehavior\BasePlayerBehavior.h">
      <Filter>Game\Behavior\Player\NormalBehavior</Filter>
    </ClInclude>
    <ClInclude Include="Game\GameObj\PlayerBehavior\PlayerJump.h">
      <Filter>Game\Behavior\Player\NormalBehavior</Filter>
    </ClInclude>
    <ClInclude Include="Game\GameObj\PlayerBehavior\PlayerRoot.h">
      <Filter>Game\Behavior\Player\NormalBehavior</Filter>
    </ClInclude>
    <ClInclude Include="Game\GameObj\PlayerBehavior\PlayerKikAttack.h">
      <Filter>Game\Behavior\Player\AttackBehavior</Filter>
    </ClInclude>
    <ClInclude Include="Game\GameObj\PlayerBehavior\BasePlayerAttackBehavior.h">
      <Filter>Game\Behavior\Player\AttackBehavior</Filter>
    </ClInclude>
    <ClInclude Include="Game\GameObj\PlayerBehavior\PlayerAttackRoot.h">
      <Filter>Game\Behavior\Player\AttackBehavior</Filter>
    </ClInclude>
    <ClInclude Include="Game\GameObj\PlayerBehavior\PlayerRecoil.h">
      <Filter>Game\Behavior\Player\NormalBehavior</Filter>
    </ClInclude>
    <ClInclude Include="Game\GameObj\UFO\Behavior\UFODamage.h">
      <Filter>Game\Behavior\UFO</Filter>
    </ClInclude>
    <ClInclude Include="Game\GameObj\Enemy\Behavior\EnemyBound.h">
      <Filter>Game\Behavior\Enemy</Filter>
    </ClInclude>
    <ClInclude Include="Game\GameObj\KikArea\KikArea.h">
      <Filter>Game\GameObj\KikArea</Filter>
    </ClInclude>
    <ClInclude Include="Game\GameObj\PlayerBehavior\PlayerSpecialFall.h">
      <Filter>Game\Behavior\Player\AttackBehavior</Filter>
    </ClInclude>
    <ClInclude Include="Game\Scene\GameOverScene.h">
      <Filter>Game\Scene</Filter>
    </ClInclude>
    <ClInclude Include="Game\GameObj\Timer\Timer.h">
      <Filter>Game\GameObj\Timer</Filter>
    </ClInclude>
    <ClInclude Include="Game\GameObj\KikDirectionView\KikDirectionView.h">
      <Filter>Game\GameObj\KikDirectionView</Filter>
    </ClInclude>
    <ClInclude Include="Game\GameObj\Enemy\Behavior\EnemyBlowingStrong.h">
      <Filter>Game\Behavior\Enemy</Filter>
    </ClInclude>
    <ClInclude Include="Engine\GraphicPipeline\CRTPipe.h">
      <Filter>Engine\GraphicPipeline</Filter>
    </ClInclude>
    <ClInclude Include="Game\GameObj\Enemy\Behavior\EnemySpawnFall.h">
      <Filter>Game\Behavior\Enemy</Filter>
    </ClInclude>
    <ClInclude Include="Game\GameObj\Enemy\EnemySpawn\EnemySpawn.h">
      <Filter>Game\GameObj\Enemy\EnemySpawn</Filter>
    </ClInclude>
    <ClInclude Include="Game\GameObj\FieldBlock\FieldBlock.h">
      <Filter>Game\GameObj\FieldBlock</Filter>
    </ClInclude>
    <ClInclude Include="Game\GameObj\FieldBlock\FieldBlockManager.h">
      <Filter>Game\GameObj\FieldBlock</Filter>
    </ClInclude>
    <ClInclude Include="Game\GameObj\FieldBlock\State\BaseFieldBlockState.h">
      <Filter>Game\GameObj\FieldBlock\State</Filter>
    </ClInclude>
    <ClInclude Include="Game\GameObj\FieldBlock\State\FieldBlockNormal.h">
      <Filter>Game\GameObj\FieldBlock\State</Filter>
    </ClInclude>
    <ClInclude Include="Game\GameObj\FieldBlock\Behavior\BaseFieldBlockBehavior.h">
      <Filter>Game\Behavior\FieldBLock</Filter>
    </ClInclude>
    <ClInclude Include="Game\GameObj\FieldBlock\Behavior\FieldBlockTakeDamage.h">
      <Filter>Game\Behavior\FieldBLock</Filter>
    </ClInclude>
    <ClInclude Include="Game\GameObj\FieldBlock\Behavior\FieldBlockNoDamage.h">
      <Filter>Game\Behavior\FieldBLock</Filter>
    </ClInclude>
    <ClInclude Include="Game\GameObj\FieldBlock\State\FieldBlockDaungerous.h">
      <Filter>Game\GameObj\FieldBlock\State</Filter>
    </ClInclude>
    <ClInclude Include="Game\GameObj\Player\State\PlayerDeath.h">
      <Filter>Game\GameObj\Player\State</Filter>
    </ClInclude>
    <ClInclude Include="Game\GameObj\Player\State\BasePlayerState.h">
      <Filter>Game\GameObj\Player\State</Filter>
    </ClInclude>
    <ClInclude Include="Game\GameObj\Player\State\PlayerRespown.h">
      <Filter>Game\GameObj\Player\State</Filter>
    </ClInclude>
    <ClInclude Include="Game\GameObj\Player\State\PlayerNoneState.h">
      <Filter>Game\GameObj\Player\State</Filter>
    </ClInclude>
    <ClInclude Include="Game\GameObj\Enemy\State\BaseEnemyState.h">
      <Filter>Game\GameObj\Enemy\State</Filter>
    </ClInclude>
    <ClInclude Include="Game\GameObj\Enemy\State\EnemyPowerUp.h">
      <Filter>Game\GameObj\Enemy\State</Filter>
    </ClInclude>
    <ClInclude Include="Game\GameObj\Enemy\State\EnemyNoneState.h">
      <Filter>Game\GameObj\Enemy\State</Filter>
    </ClInclude>
    <ClInclude Include="Engine\GraphicPipeline\ParticleSabPipe.h">
      <Filter>Engine\GraphicPipeline</Filter>
    </ClInclude>
    <ClInclude Include="Engine\GraphicPipeline\PlaneDrawerPipe.h">
      <Filter>Engine\GraphicPipeline</Filter>
    </ClInclude>
    <ClInclude Include="Engine\Model\PlaneDrawer.h">
      <Filter>Engine\Model</Filter>
    </ClInclude>
    <ClInclude Include="Game\GameObj\LifeUI\LifeUI.h">
      <Filter>Game\GameObj\LifeUI</Filter>
    </ClInclude>
    <ClInclude Include="Game\GameObj\LifeUI\behavior\BaseLifeUIBehavior.h">
      <Filter>Game\Behavior\LifeUI</Filter>
    </ClInclude>
    <ClInclude Include="Game\GameObj\LifeUI\behavior\LifeUIRoot.h">
      <Filter>Game\Behavior\LifeUI</Filter>
    </ClInclude>
    <ClInclude Include="Game\GameObj\LifeUI\behavior\LifeUIDeath.h">
      <Filter>Game\Behavior\LifeUI</Filter>
    </ClInclude>
    <ClInclude Include="Game\GameObj\GameOverScreen\GameOver.h">
      <Filter>Game\GameObj\GameOverScreen</Filter>
    </ClInclude>
    <ClInclude Include="Game\GameObj\UFO\State\UFOMissilePop.h">
      <Filter>Game\Behavior\UFO\State</Filter>
    </ClInclude>
    <ClInclude Include="Game\GameObj\UFO\State\BaseUFOState.h">
      <Filter>Game\Behavior\UFO\State</Filter>
    </ClInclude>
    <ClInclude Include="Game\GameObj\UFO\State\UFOPopWait.h">
      <Filter>Game\Behavior\UFO\State</Filter>
    </ClInclude>
    <ClInclude Include="Game\GameObj\GamePreStart\GamePreStart.h">
      <Filter>Game\GameObj\GamePreStart</Filter>
    </ClInclude>
    <ClInclude Include="Game\Titleobj\BaseTitleSprite.h">
      <Filter>Game\TitleObj</Filter>
    </ClInclude>
    <ClInclude Include="Game\Titleobj\TitleBom.h">
      <Filter>Game\TitleObj</Filter>
    </ClInclude>
    <ClInclude Include="Game\Titleobj\TItleBottom.h">
      <Filter>Game\TitleObj</Filter>
    </ClInclude>
    <ClInclude Include="Game\Titleobj\TitleAnimationManager.h">
      <Filter>Game\TitleObj</Filter>
    </ClInclude>
    <ClInclude Include="Game\GameObj\BackGround\BackGround.h">
      <Filter>Game\GameObj\BackGround</Filter>
    </ClInclude>
  </ItemGroup>
  <ItemGroup>
    <Filter Include="Engine">
      <UniqueIdentifier>{73eddf69-5416-4ecf-b2ba-3d701407fe67}</UniqueIdentifier>
    </Filter>
    <Filter Include="Externals">
      <UniqueIdentifier>{5be5382f-ec04-4a33-8580-04e98ff8956d}</UniqueIdentifier>
    </Filter>
    <Filter Include="Game">
      <UniqueIdentifier>{a757f108-94e3-4654-a9dd-60e1df2d6d9a}</UniqueIdentifier>
    </Filter>
    <Filter Include="resource">
      <UniqueIdentifier>{d1480a97-446f-40e9-b028-4aef321c7247}</UniqueIdentifier>
    </Filter>
    <Filter Include="Engine\Audio">
      <UniqueIdentifier>{c4da6d91-5105-4c92-9aaf-351f4c3f5156}</UniqueIdentifier>
    </Filter>
    <Filter Include="Engine\Input">
      <UniqueIdentifier>{4fc9f971-4a5f-4773-aa3d-57b056c87b75}</UniqueIdentifier>
    </Filter>
    <Filter Include="Engine\DX">
      <UniqueIdentifier>{6a497f9a-2b7b-4445-af09-d340cd39e7f8}</UniqueIdentifier>
    </Filter>
    <Filter Include="Engine\ImGuiManager">
      <UniqueIdentifier>{eba0a991-a0b4-4a1a-9d00-911ff514c42b}</UniqueIdentifier>
    </Filter>
    <Filter Include="Engine\Logger">
      <UniqueIdentifier>{e851916b-0abb-46d1-9001-33ec613ee5b6}</UniqueIdentifier>
    </Filter>
    <Filter Include="Engine\Model">
      <UniqueIdentifier>{22fba7d1-7d6a-47d0-94a3-8cad2d89de8f}</UniqueIdentifier>
    </Filter>
    <Filter Include="Engine\Math">
      <UniqueIdentifier>{11241f09-8f20-47f7-9a9b-6f5b29a62dd0}</UniqueIdentifier>
    </Filter>
    <Filter Include="Engine\WinApp">
      <UniqueIdentifier>{f16bc601-30c2-494a-b5f2-9dddb2b5e815}</UniqueIdentifier>
    </Filter>
    <Filter Include="Engine\GraphicPipeline">
      <UniqueIdentifier>{a7aec92a-a6ed-4e8d-b70e-d00475873d04}</UniqueIdentifier>
    </Filter>
    <Filter Include="resource\Shaders">
      <UniqueIdentifier>{721d04ed-0430-462c-a558-1b345031cb69}</UniqueIdentifier>
    </Filter>
    <Filter Include="Engine\GlobalVariables">
      <UniqueIdentifier>{dee81627-0be4-4b1e-bd00-7dfcde087c80}</UniqueIdentifier>
    </Filter>
    <Filter Include="Engine\Light">
      <UniqueIdentifier>{bbaf8ed5-8934-40c2-981e-ec659d17c094}</UniqueIdentifier>
    </Filter>
    <Filter Include="Engine\Particle">
      <UniqueIdentifier>{3102e485-29ad-45b9-aa83-d99616131e4c}</UniqueIdentifier>
    </Filter>
    <Filter Include="Engine\Scene">
      <UniqueIdentifier>{9b2b279b-994d-4704-b28e-0a62df13d1b9}</UniqueIdentifier>
    </Filter>
    <Filter Include="Engine\Camera">
      <UniqueIdentifier>{cf744bcb-b934-4c5e-9da0-1a40d0968e23}</UniqueIdentifier>
    </Filter>
    <Filter Include="Game\Collider">
      <UniqueIdentifier>{20f410ec-47e8-4e10-a499-b1fd2ef09cde}</UniqueIdentifier>
    </Filter>
    <Filter Include="Game\Scene">
      <UniqueIdentifier>{9f02f36c-fca6-4a84-99db-93ec2013ba4b}</UniqueIdentifier>
    </Filter>
    <Filter Include="Game\GameObj">
      <UniqueIdentifier>{617e8378-5eb2-45b5-b7d1-72cdc9b6216f}</UniqueIdentifier>
    </Filter>
    <Filter Include="Game\GameObj\Player">
      <UniqueIdentifier>{272b979d-4022-461f-9b40-fa2e97c94d98}</UniqueIdentifier>
    </Filter>
    <Filter Include="Game\GameObj\Enemy">
      <UniqueIdentifier>{75f61a48-bc79-46a6-b1ec-ceee4a1b817f}</UniqueIdentifier>
    </Filter>
    <Filter Include="Game\Behavior">
      <UniqueIdentifier>{333622ee-7f2c-4e7f-95ca-83fbf231643b}</UniqueIdentifier>
    </Filter>
    <Filter Include="Game\JoyState">
      <UniqueIdentifier>{4d9e2a25-37b9-4495-a24e-c2ede3ca953c}</UniqueIdentifier>
    </Filter>
    <Filter Include="Game\GameObj\GameCamera">
      <UniqueIdentifier>{0ac72fdb-75dc-4114-828f-a862d4677131}</UniqueIdentifier>
    </Filter>
    <Filter Include="Game\GameObj\Field">
      <UniqueIdentifier>{969ca529-80bb-49a1-8195-acbbf409ffeb}</UniqueIdentifier>
    </Filter>
    <Filter Include="Game\GameObj\SkyDome">
      <UniqueIdentifier>{5818e449-9305-4256-b73f-f698542f9c0b}</UniqueIdentifier>
    </Filter>
    <Filter Include="Engine\KRailEditor">
      <UniqueIdentifier>{fe454760-08ee-4e6c-956e-d5fd262eac8f}</UniqueIdentifier>
    </Filter>
    <Filter Include="Game\GameObj\UFO">
      <UniqueIdentifier>{db55aab5-cd20-41a7-b2eb-2991b5160361}</UniqueIdentifier>
    </Filter>
    <Filter Include="Game\Behavior\Enemy">
      <UniqueIdentifier>{6ab409ff-636a-4f8b-ab3e-d294d86e6294}</UniqueIdentifier>
    </Filter>
    <Filter Include="Game\Behavior\UFO">
      <UniqueIdentifier>{8ddc066b-aa74-4e48-a9a6-3c271dd5aaef}</UniqueIdentifier>
    </Filter>
    <Filter Include="Game\GameObj\KikArea">
      <UniqueIdentifier>{0c4be5e0-93f2-45f9-8927-63764ab0d2c5}</UniqueIdentifier>
    </Filter>
    <Filter Include="Game\GameObj\Timer">
      <UniqueIdentifier>{c3da771b-3630-468f-8b5a-e7d47fb4a868}</UniqueIdentifier>
    </Filter>
    <Filter Include="Game\GameObj\KikDirectionView">
      <UniqueIdentifier>{4429d364-be7e-4ea9-a3f4-633d90575a6d}</UniqueIdentifier>
    </Filter>
    <Filter Include="Game\GameObj\Enemy\EnemySpawn">
      <UniqueIdentifier>{cdf076f9-fbf4-43a2-89a5-47e578315ba2}</UniqueIdentifier>
    </Filter>
    <Filter Include="Game\GameObj\FieldBlock">
      <UniqueIdentifier>{3eaa4493-8c8b-4404-9195-fdc6d80cc54a}</UniqueIdentifier>
    </Filter>
    <Filter Include="Game\GameObj\FieldBlock\State">
      <UniqueIdentifier>{188c42d0-334f-4b8b-a44f-351c7d3a2bb2}</UniqueIdentifier>
    </Filter>
    <Filter Include="Game\Behavior\FieldBLock">
      <UniqueIdentifier>{84321c48-1d70-4545-a5bf-1dd3a02739a8}</UniqueIdentifier>
    </Filter>
    <Filter Include="Game\GameObj\Player\State">
      <UniqueIdentifier>{63731e96-2d4c-4f03-81cd-e8b15fda1c8e}</UniqueIdentifier>
    </Filter>
    <Filter Include="Game\GameObj\Enemy\State">
      <UniqueIdentifier>{9084616c-7dfb-470c-b318-438a444fd002}</UniqueIdentifier>
    </Filter>
    <Filter Include="Game\GameObj\LifeUI">
      <UniqueIdentifier>{a7d4703e-5127-4141-b14c-c873f8bb2ac5}</UniqueIdentifier>
    </Filter>
    <Filter Include="Game\Behavior\LifeUI">
      <UniqueIdentifier>{fcffe826-4d51-4979-ae1c-c48964553d04}</UniqueIdentifier>
    </Filter>
    <Filter Include="Game\GameObj\GameOverScreen">
      <UniqueIdentifier>{a42a8ef1-da85-4305-9961-b3803de9873d}</UniqueIdentifier>
    </Filter>
    <Filter Include="Game\Behavior\UFO\State">
      <UniqueIdentifier>{61e35a0b-bbba-429a-8511-4e7ef9684f62}</UniqueIdentifier>
    </Filter>
    <Filter Include="Game\Behavior\Player">
      <UniqueIdentifier>{2f9dd270-714f-481d-8867-8534b4588c4c}</UniqueIdentifier>
    </Filter>
    <Filter Include="Game\Behavior\Player\NormalBehavior">
      <UniqueIdentifier>{3f62bc85-046d-4149-9817-d348d2d25775}</UniqueIdentifier>
    </Filter>
    <Filter Include="Game\Behavior\Player\AttackBehavior">
      <UniqueIdentifier>{505cfd85-6044-41d4-93d3-2227f4950c72}</UniqueIdentifier>
    </Filter>
    <Filter Include="Game\GameObj\GamePreStart">
      <UniqueIdentifier>{826c79fe-14c4-4b13-bb35-322664002992}</UniqueIdentifier>
    </Filter>
    <Filter Include="Game\TitleObj">
      <UniqueIdentifier>{3a90a5da-77de-4bfa-8881-30756e1f56f8}</UniqueIdentifier>
    </Filter>
    <Filter Include="Game\GameObj\BackGround">
      <UniqueIdentifier>{66fa690b-e427-4605-a5ac-9f4ea65ebd34}</UniqueIdentifier>
    </Filter>
  </ItemGroup>
  <ItemGroup>
    <FxCompile Include="resource\Shaders\GaussianBlur.PS.hlsl">
      <Filter>resource\Shaders</Filter>
    </FxCompile>
    <FxCompile Include="resource\Shaders\GaussianBlur.VS.hlsl">
      <Filter>resource\Shaders</Filter>
    </FxCompile>
    <FxCompile Include="resource\Shaders\MetaBall.PS.hlsl">
      <Filter>resource\Shaders</Filter>
    </FxCompile>
    <FxCompile Include="resource\Shaders\MetaBall.VS.hlsl">
      <Filter>resource\Shaders</Filter>
    </FxCompile>
    <FxCompile Include="resource\Shaders\NonePost.PS.hlsl">
      <Filter>resource\Shaders</Filter>
    </FxCompile>
    <FxCompile Include="resource\Shaders\NonePost.VS.hlsl">
      <Filter>resource\Shaders</Filter>
    </FxCompile>
    <FxCompile Include="resource\Shaders\Object3d.PS.hlsl">
      <Filter>resource\Shaders</Filter>
    </FxCompile>
    <FxCompile Include="resource\Shaders\Object3d.VS.hlsl">
      <Filter>resource\Shaders</Filter>
    </FxCompile>
    <FxCompile Include="resource\Shaders\Particle.PS.hlsl">
      <Filter>resource\Shaders</Filter>
    </FxCompile>
    <FxCompile Include="resource\Shaders\Particle.VS.hlsl">
      <Filter>resource\Shaders</Filter>
    </FxCompile>
    <FxCompile Include="resource\Shaders\SimpleGrayscale.PS.hlsl">
      <Filter>resource\Shaders</Filter>
    </FxCompile>
    <FxCompile Include="resource\Shaders\SimpleGrayscale.VS.hlsl">
      <Filter>resource\Shaders</Filter>
    </FxCompile>
    <FxCompile Include="resource\Shaders\ShockWave.VS.hlsl">
      <Filter>resource\Shaders</Filter>
    </FxCompile>
    <FxCompile Include="resource\Shaders\ShockWave.PS.hlsl">
      <Filter>resource\Shaders</Filter>
    </FxCompile>
    <FxCompile Include="resource\Shaders\Fire.VS.hlsl">
      <Filter>resource\Shaders</Filter>
    </FxCompile>
    <FxCompile Include="resource\Shaders\Fire.PS.hlsl">
      <Filter>resource\Shaders</Filter>
    </FxCompile>
    <FxCompile Include="resource\Shaders\Thunder.VS.hlsl">
      <Filter>resource\Shaders</Filter>
    </FxCompile>
    <FxCompile Include="resource\Shaders\Thunder.PS.hlsl">
      <Filter>resource\Shaders</Filter>
    </FxCompile>
    <FxCompile Include="resource\Shaders\Line3d.VS.hlsl">
      <Filter>resource\Shaders</Filter>
    </FxCompile>
    <FxCompile Include="resource\Shaders\Line3d.PS.hlsl">
      <Filter>resource\Shaders</Filter>
    </FxCompile>
    <FxCompile Include="resource\Shaders\CRTEffect.VS.hlsl">
      <Filter>resource\Shaders</Filter>
    </FxCompile>
    <FxCompile Include="resource\Shaders\CRTEffect.PS.hlsl">
      <Filter>resource\Shaders</Filter>
    </FxCompile>
    <FxCompile Include="resource\Shaders\PlaneDrawer.PS.hlsl">
      <Filter>resource\Shaders</Filter>
    </FxCompile>
    <FxCompile Include="resource\Shaders\PlaneDrawer.VS.hlsl">
      <Filter>resource\Shaders</Filter>
    </FxCompile>
  </ItemGroup>
  <ItemGroup>
    <None Include="resource\Shaders\Object3d.hlsli">
      <Filter>resource\Shaders</Filter>
    </None>
    <None Include="resource\Shaders\Particle.hlsli">
      <Filter>resource\Shaders</Filter>
    </None>
    <None Include="resource\Shaders\Line3d.hlsli">
      <Filter>resource\Shaders</Filter>
    </None>
  </ItemGroup>
</Project>