<?xml version="1.0" encoding="utf-8"?>
<Project ToolsVersion="4.0" xmlns="http://schemas.microsoft.com/developer/msbuild/2003">
  <ItemGroup>
    <ClCompile Include="Engine\Audio\AudioPlayer.cpp">
      <Filter>Engine\Audio</Filter>
    </ClCompile>
    <ClCompile Include="Engine\Core\App\Framework.cpp">
      <Filter>Engine\Core\App</Filter>
    </ClCompile>
    <ClCompile Include="Engine\Core\App\MyWindow.cpp">
      <Filter>Engine\Core\App</Filter>
    </ClCompile>
    <ClCompile Include="Engine\Core\Debug\ImGuiManager.cpp">
      <Filter>Engine\Core\Debug</Filter>
    </ClCompile>
    <ClCompile Include="Engine\Core\Input\Input.cpp">
      <Filter>Engine\Core\Input</Filter>
    </ClCompile>
    <ClCompile Include="Engine\Core\Serialize\GlobalVariables.cpp">
      <Filter>Engine\Core\Serialize</Filter>
    </ClCompile>
    <ClCompile Include="Engine\Core\Serialize\JsonSerializer.cpp">
      <Filter>Engine\Core\Serialize</Filter>
    </ClCompile>
    <ClCompile Include="Engine\Core\Time\FPSKeeper.cpp">
      <Filter>Engine\Core\Time</Filter>
    </ClCompile>
    <ClCompile Include="Engine\DXC\Command\CommandContext.cpp">
      <Filter>Engine\DXC\Command</Filter>
    </ClCompile>
    <ClCompile Include="Engine\DXC\Command\DXCommand.cpp">
      <Filter>Engine\DXC\Command</Filter>
    </ClCompile>
    <ClCompile Include="Engine\DXC\Debug\GPUTimer.cpp">
      <Filter>Engine\DXC\Debug</Filter>
    </ClCompile>
    <ClCompile Include="Engine\DXC\Device\GraphicsDevice.cpp">
      <Filter>Engine\DXC\Device</Filter>
    </ClCompile>
    <ClCompile Include="Engine\DXC\Device\SwapChainManager.cpp">
      <Filter>Engine\DXC\Device</Filter>
    </ClCompile>
    <ClCompile Include="Engine\DXC\Resource\DX12Helper.cpp">
      <Filter>Engine\DXC\Resource</Filter>
    </ClCompile>
    <ClCompile Include="Engine\DXC\Resource\SRVManager.cpp">
      <Filter>Engine\DXC\Resource</Filter>
    </ClCompile>
    <ClCompile Include="Engine\DXC\Shader\DXCompile.cpp">
      <Filter>Engine\DXC\Shader</Filter>
    </ClCompile>
    <ClCompile Include="Engine\DXC\DXCom.cpp">
      <Filter>Engine\DXC</Filter>
    </ClCompile>
    <ClCompile Include="Engine\Editor\Command\CommandManager.cpp">
      <Filter>Engine\Editor\Command</Filter>
    </ClCompile>
    <ClCompile Include="Engine\Editor\Command\CreateObjCommand.cpp">
      <Filter>Engine\Editor\Command</Filter>
    </ClCompile>
    <ClCompile Include="Engine\Editor\Command\DeleteObjCommand.cpp">
      <Filter>Engine\Editor\Command</Filter>
    </ClCompile>
    <ClCompile Include="Engine\Editor\ObjectEditor\AnimationModelEditor.cpp">
      <Filter>Engine\Editor\ObjectEditor</Filter>
    </ClCompile>
    <ClCompile Include="Engine\Editor\ObjectEditor\GPUParticleSystemEditor.cpp">
      <Filter>Engine\Editor\ObjectEditor</Filter>
    </ClCompile>
    <ClCompile Include="Engine\Editor\ObjectEditor\Object3dEditor.cpp">
      <Filter>Engine\Editor\ObjectEditor</Filter>
    </ClCompile>
    <ClCompile Include="Engine\Editor\Widget\GizmoHelper.cpp">
      <Filter>Engine\Editor\Widget</Filter>
    </ClCompile>
    <ClCompile Include="Engine\Editor\Widget\JsonEditorUI.cpp">
      <Filter>Engine\Editor\Widget</Filter>
    </ClCompile>
    <ClCompile Include="Engine\Graphics\Camera\Camera.cpp">
      <Filter>Engine\Graphics\Camera</Filter>
    </ClCompile>
    <ClCompile Include="Engine\Graphics\Camera\CameraManager.cpp">
      <Filter>Engine\Graphics\Camera</Filter>
    </ClCompile>
    <ClCompile Include="Engine\Graphics\Camera\DebugCamera.cpp">
      <Filter>Engine\Graphics\Camera</Filter>
    </ClCompile>
    <ClCompile Include="Engine\Graphics\GBuffer\GBufferPass.cpp">
      <Filter>Engine\Graphics\GBuffer</Filter>
    </ClCompile>
    <ClCompile Include="Engine\Graphics\Light\DirectionLight.cpp">
      <Filter>Engine\Graphics\Light</Filter>
    </ClCompile>
    <ClCompile Include="Engine\Graphics\Light\LightManager.cpp">
      <Filter>Engine\Graphics\Light</Filter>
    </ClCompile>
    <ClCompile Include="Engine\Graphics\Light\PointLight.cpp">
      <Filter>Engine\Graphics\Light</Filter>
    </ClCompile>
    <ClCompile Include="Engine\Graphics\Light\SpotLight.cpp">
      <Filter>Engine\Graphics\Light</Filter>
    </ClCompile>
    <ClCompile Include="Engine\Graphics\Line\Line3dDrawer.cpp">
      <Filter>Engine\Graphics\Line</Filter>
    </ClCompile>
    <ClCompile Include="Engine\Graphics\Model\Material\Material.cpp">
      <Filter>Engine\Graphics\Model\Material</Filter>
    </ClCompile>
    <ClCompile Include="Engine\Graphics\Model\Mesh\Mesh.cpp">
      <Filter>Engine\Graphics\Model\Mesh</Filter>
    </ClCompile>
    <ClCompile Include="Engine\Graphics\Model\Mesh\SkinnedMesh.cpp">
      <Filter>Engine\Graphics\Model\Mesh</Filter>
    </ClCompile>
    <ClCompile Include="Engine\Graphics\Model\Model.cpp">
      <Filter>Engine\Graphics\Model</Filter>
    </ClCompile>
    <ClCompile Include="Engine\Graphics\Model\ModelManager.cpp">
      <Filter>Engine\Graphics\Model</Filter>
    </ClCompile>
    <ClCompile Include="Engine\Graphics\Object\AnimationModel.cpp">
      <Filter>Engine\Graphics\Object</Filter>
    </ClCompile>
    <ClCompile Include="Engine\Graphics\Object\Object3d.cpp">
      <Filter>Engine\Graphics\Object</Filter>
    </ClCompile>
    <ClCompile Include="Engine\Graphics\Object\ObjectRenderer.cpp">
      <Filter>Engine\Graphics\Object</Filter>
    </ClCompile>
    <ClCompile Include="Engine\Graphics\Object\RenderObject.cpp">
      <Filter>Engine\Graphics\Object</Filter>
    </ClCompile>
    <ClCompile Include="Engine\Graphics\Particle\GPUParticle\GPUEmitter\MeshSurfaceEmitter.cpp">
      <Filter>Engine\Graphics\Particle\GPUParticle\GPUEmitter</Filter>
    </ClCompile>
    <ClCompile Include="Engine\Graphics\Particle\GPUParticle\GPUEmitter\SphereEmitter.cpp">
      <Filter>Engine\Graphics\Particle\GPUParticle\GPUEmitter</Filter>
    </ClCompile>
    <ClCompile Include="Engine\Graphics\Particle\GPUParticle\GPUEmitter\TextureBasedEmitter.cpp">
      <Filter>Engine\Graphics\Particle\GPUParticle\GPUEmitter</Filter>
    </ClCompile>
    <ClCompile Include="Engine\Graphics\Particle\GPUParticle\GPUParticleSystem.cpp">
      <Filter>Engine\Graphics\Particle\GPUParticle</Filter>
    </ClCompile>
    <ClCompile Include="Engine\Graphics\Particle\ParticleGroup\IParticleGroup.cpp">
      <Filter>Engine\Graphics\Particle\ParticleGroup</Filter>
    </ClCompile>
    <ClCompile Include="Engine\Graphics\Particle\ParticleGroup\ParentParticleGroup.cpp">
      <Filter>Engine\Graphics\Particle\ParticleGroup</Filter>
    </ClCompile>
    <ClCompile Include="Engine\Graphics\Particle\ParticleGroup\ParticleGroup.cpp">
      <Filter>Engine\Graphics\Particle\ParticleGroup</Filter>
    </ClCompile>
    <ClCompile Include="Engine\Graphics\Particle\ParticleEmitter.cpp">
      <Filter>Engine\Graphics\Particle</Filter>
    </ClCompile>
    <ClCompile Include="Engine\Graphics\Particle\ParticleManager.cpp">
      <Filter>Engine\Graphics\Particle</Filter>
    </ClCompile>
    <ClCompile Include="Engine\Graphics\Particle\ParticleManager_Debug.cpp">
      <Filter>Engine\Graphics\Particle</Filter>
    </ClCompile>
    <ClCompile Include="Engine\Graphics\Particle\ParticleManager_Init.cpp">
      <Filter>Engine\Graphics\Particle</Filter>
    </ClCompile>
    <ClCompile Include="Engine\Graphics\Pipeline\Compute\ComputePipeline.cpp">
      <Filter>Engine\Graphics\Pipeline\Compute</Filter>
    </ClCompile>
    <ClCompile Include="Engine\Graphics\Pipeline\Compute\OutlineCSPipe.cpp">
      <Filter>Engine\Graphics\Pipeline\Compute</Filter>
    </ClCompile>
    <ClCompile Include="Engine\Graphics\Pipeline\Compute\ParticleCSPipe.cpp">
      <Filter>Engine\Graphics\Pipeline\Compute</Filter>
    </ClCompile>
    <ClCompile Include="Engine\Graphics\Pipeline\Compute\SkinningCSPipe.cpp">
      <Filter>Engine\Graphics\Pipeline\Compute</Filter>
    </ClCompile>
    <ClCompile Include="Engine\Graphics\Pipeline\Compute\TrailEmitCSPipe.cpp">
      <Filter>Engine\Graphics\Pipeline\Compute</Filter>
    </ClCompile>
    <ClCompile Include="Engine\Graphics\Pipeline\Render\RenderPipeline.cpp">
      <Filter>Engine\Graphics\Pipeline\Render</Filter>
    </ClCompile>
    <ClCompile Include="Engine\Graphics\Pipeline\BasePipeline.cpp">
      <Filter>Engine\Graphics\Pipeline</Filter>
    </ClCompile>
    <ClCompile Include="Engine\Graphics\Pipeline\PipelineManager.cpp">
      <Filter>Engine\Graphics\Pipeline</Filter>
    </ClCompile>
    <ClCompile Include="Engine\Graphics\Pipeline\RootParam.cpp">
      <Filter>Engine\Graphics\Pipeline</Filter>
    </ClCompile>
    <ClCompile Include="Engine\Graphics\PostEffect\OffscreenManager.cpp">
      <Filter>Engine\Graphics\PostEffect</Filter>
    </ClCompile>
    <ClCompile Include="Engine\Graphics\Raytracing\Denoiser.cpp">
      <Filter>Engine\Graphics\Raytracing</Filter>
    </ClCompile>
    <ClCompile Include="Engine\Graphics\Raytracing\RayTracedAOPass.cpp">
      <Filter>Engine\Graphics\Raytracing</Filter>
    </ClCompile>
    <ClCompile Include="Engine\Graphics\Raytracing\RayTracedShadowPass.cpp">
      <Filter>Engine\Graphics\Raytracing</Filter>
    </ClCompile>
    <ClCompile Include="Engine\Graphics\IBL\IBLBaker.cpp">
      <Filter>Engine\Graphics\IBL</Filter>
    </ClCompile>
    <ClCompile Include="Engine\Graphics\Raytracing\RaytracingScene.cpp">
      <Filter>Engine\Graphics\Raytracing</Filter>
    </ClCompile>
    <ClCompile Include="Engine\Graphics\Raytracing\WorkTexture.cpp">
      <Filter>Engine\Graphics\Raytracing</Filter>
    </ClCompile>
    <ClCompile Include="Engine\Graphics\SkyBox\SkyBox.cpp">
      <Filter>Engine\Graphics\SkyBox</Filter>
    </ClCompile>
    <ClCompile Include="Engine\Graphics\Sprite\Sprite.cpp">
      <Filter>Engine\Graphics\Sprite</Filter>
    </ClCompile>
    <ClCompile Include="Engine\Graphics\Sprite\SpriteRenderer.cpp">
      <Filter>Engine\Graphics\Sprite</Filter>
    </ClCompile>
    <ClCompile Include="Engine\Graphics\Texture\TextureManager.cpp">
      <Filter>Engine\Graphics\Texture</Filter>
    </ClCompile>
    <ClCompile Include="Engine\Logger\Logger.cpp">
      <Filter>Engine\Logger</Filter>
    </ClCompile>
    <ClCompile Include="Engine\Math\Matrix\MatrixCalculation.cpp">
      <Filter>Engine\Math\Matrix</Filter>
    </ClCompile>
    <ClCompile Include="Engine\Math\Quaternion\Quaternion.cpp">
      <Filter>Engine\Math\Quaternion</Filter>
    </ClCompile>
    <ClCompile Include="Engine\Math\Random\Random.cpp">
      <Filter>Engine\Math\Random</Filter>
    </ClCompile>
    <ClCompile Include="Engine\Math\Vector\Vector2.cpp">
      <Filter>Engine\Math\Vector</Filter>
    </ClCompile>
    <ClCompile Include="Engine\Math\Vector\Vector3.cpp">
      <Filter>Engine\Math\Vector</Filter>
    </ClCompile>
    <ClCompile Include="Engine\Scene\BaseScene.cpp">
      <Filter>Engine\Scene</Filter>
    </ClCompile>
    <ClCompile Include="Engine\Scene\SceneManager.cpp">
      <Filter>Engine\Scene</Filter>
    </ClCompile>
    <ClCompile Include="externals\imgui\utilities\builders.cpp">
      <Filter>externals\imgui\utilities</Filter>
    </ClCompile>
    <ClCompile Include="externals\imgui\utilities\drawing.cpp">
      <Filter>externals\imgui\utilities</Filter>
    </ClCompile>
    <ClCompile Include="externals\imgui\utilities\widgets.cpp">
      <Filter>externals\imgui\utilities</Filter>
    </ClCompile>
    <ClCompile Include="Game\App\GameRun.cpp">
      <Filter>Game\App</Filter>
    </ClCompile>
    <ClCompile Include="Engine\Collision\AABBCollider.cpp">
      <Filter>Engine\Collision</Filter>
    </ClCompile>
    <ClCompile Include="Engine\Collision\BaseCollider.cpp">
      <Filter>Engine\Collision</Filter>
    </ClCompile>
    <ClCompile Include="Engine\Collision\CollisionManager.cpp">
      <Filter>Engine\Collision</Filter>
    </ClCompile>
    <ClCompile Include="Game\Field\MapChipField.cpp">
      <Filter>Game\Field</Filter>
    </ClCompile>
    <ClCompile Include="Game\GameObj\Enemy\Behavior\BossAreaAttack.cpp">
      <Filter>Game\GameObj\Enemy\Behavior</Filter>
    </ClCompile>
    <ClCompile Include="Game\GameObj\Enemy\Behavior\BossArrowAttack.cpp">
      <Filter>Game\GameObj\Enemy\Behavior</Filter>
    </ClCompile>
    <ClCompile Include="Game\GameObj\Enemy\Behavior\BossAttack.cpp">
      <Filter>Game\GameObj\Enemy\Behavior</Filter>
    </ClCompile>
    <ClCompile Include="Game\GameObj\Enemy\Behavior\BossBeamAttack.cpp">
      <Filter>Game\GameObj\Enemy\Behavior</Filter>
    </ClCompile>
    <ClCompile Include="Game\GameObj\Enemy\Behavior\BossDushAttack.cpp">
      <Filter>Game\GameObj\Enemy\Behavior</Filter>
    </ClCompile>
    <ClCompile Include="Game\GameObj\Enemy\Behavior\BossJumpAttack.cpp">
      <Filter>Game\GameObj\Enemy\Behavior</Filter>
    </ClCompile>
    <ClCompile Include="Game\GameObj\Enemy\Behavior\BossRodFall.cpp">
      <Filter>Game\GameObj\Enemy\Behavior</Filter>
    </ClCompile>
    <ClCompile Include="Game\GameObj\Enemy\Behavior\BossRoot.cpp">
      <Filter>Game\GameObj\Enemy\Behavior</Filter>
    </ClCompile>
    <ClCompile Include="Game\GameObj\Enemy\Behavior\BossSwordAttack.cpp">
      <Filter>Game\GameObj\Enemy\Behavior</Filter>
    </ClCompile>
    <ClCompile Include="Game\GameObj\Enemy\BossItem\Arrow.cpp">
      <Filter>Game\GameObj\Enemy\BossItem</Filter>
    </ClCompile>
    <ClCompile Include="Game\GameObj\Enemy\BossItem\Beam.cpp">
      <Filter>Game\GameObj\Enemy\BossItem</Filter>
    </ClCompile>
    <ClCompile Include="Game\GameObj\Enemy\BossItem\BossItemManager.cpp">
      <Filter>Game\GameObj\Enemy\BossItem</Filter>
    </ClCompile>
    <ClCompile Include="Game\GameObj\Enemy\BossItem\UnderRing.cpp">
      <Filter>Game\GameObj\Enemy\BossItem</Filter>
    </ClCompile>
    <ClCompile Include="Game\GameObj\Enemy\BossItem\WaveWall.cpp">
      <Filter>Game\GameObj\Enemy\BossItem</Filter>
    </ClCompile>
    <ClCompile Include="Game\GameObj\Enemy\Boss.cpp">
      <Filter>Game\GameObj\Enemy</Filter>
    </ClCompile>
    <ClCompile Include="Game\GameObj\Enemy\BossCore.cpp">
      <Filter>Game\GameObj\Enemy</Filter>
    </ClCompile>
    <ClCompile Include="Game\GameObj\Enemy\Boss_Debug.cpp">
      <Filter>Game\GameObj\Enemy</Filter>
    </ClCompile>
    <ClCompile Include="Game\GameObj\Enemy\Boss_Init.cpp">
      <Filter>Game\GameObj\Enemy</Filter>
    </ClCompile>
    <ClCompile Include="Game\GameObj\Player\AttackBehavior\PlayerAttackRoot.cpp">
      <Filter>Game\GameObj\Player\AttackBehavior</Filter>
    </ClCompile>
    <ClCompile Include="Game\GameObj\Player\Behavior\PlayerAvoid.cpp">
      <Filter>Game\GameObj\Player\Behavior</Filter>
    </ClCompile>
    <ClCompile Include="Game\GameObj\Player\Behavior\PlayerJump.cpp">
      <Filter>Game\GameObj\Player\Behavior</Filter>
    </ClCompile>
    <ClCompile Include="Game\GameObj\Player\Behavior\PlayerRoot.cpp">
      <Filter>Game\GameObj\Player\Behavior</Filter>
    </ClCompile>
    <ClCompile Include="Game\GameObj\Player\Player.cpp">
      <Filter>Game\GameObj\Player</Filter>
    </ClCompile>
    <ClCompile Include="Game\GameObj\Player\PlayerBullet.cpp">
      <Filter>Game\GameObj\Player</Filter>
    </ClCompile>
    <ClCompile Include="Game\GameObj\FollowCamera.cpp">
      <Filter>Game\GameObj</Filter>
    </ClCompile>
    <ClCompile Include="Engine\GameObject\GameObject.cpp">
      <Filter>Engine\GameObject</Filter>
    </ClCompile>
    <ClCompile Include="Game\Particle\GameEmitters.cpp">
      <Filter>Game\Particle</Filter>
    </ClCompile>
    <ClCompile Include="Game\Scene\Debug\GPUParticleScene.cpp">
      <Filter>Game\Scene\Debug</Filter>
    </ClCompile>
    <ClCompile Include="Game\Scene\Debug\ParticleDebugScene.cpp">
      <Filter>Game\Scene\Debug</Filter>
    </ClCompile>
    <ClCompile Include="Game\Scene\Debug\TestScene.cpp">
      <Filter>Game\Scene\Debug</Filter>
    </ClCompile>
    <ClCompile Include="Game\Scene\Main\GameScene.cpp">
      <Filter>Game\Scene\Main</Filter>
    </ClCompile>
    <ClCompile Include="Game\Scene\Main\ResultScene.cpp">
      <Filter>Game\Scene\Main</Filter>
    </ClCompile>
    <ClCompile Include="Game\Scene\Main\TitleScene.cpp">
      <Filter>Game\Scene\Main</Filter>
    </ClCompile>
    <ClCompile Include="Game\Scene\SceneFactory.cpp">
      <Filter>Game\Scene</Filter>
    </ClCompile>
    <ClCompile Include="main.cpp" />
  </ItemGroup>
  <ItemGroup>
    <ClInclude Include="Engine\Audio\AudioPlayer.h">
      <Filter>Engine\Audio</Filter>
    </ClInclude>
    <ClInclude Include="Engine\Core\App\Framework.h">
      <Filter>Engine\Core\App</Filter>
    </ClInclude>
    <ClInclude Include="Engine\Core\App\MyWindow.h">
      <Filter>Engine\Core\App</Filter>
    </ClInclude>
    <ClInclude Include="Engine\Core\Debug\ImGuiManager.h">
      <Filter>Engine\Core\Debug</Filter>
    </ClInclude>
    <ClInclude Include="Engine\Core\Input\Input.h">
      <Filter>Engine\Core\Input</Filter>
    </ClInclude>
    <ClInclude Include="Engine\Core\Serialize\GlobalVariables.h">
      <Filter>Engine\Core\Serialize</Filter>
    </ClInclude>
    <ClInclude Include="Engine\Core\Serialize\JsonSerializer.h">
      <Filter>Engine\Core\Serialize</Filter>
    </ClInclude>
    <ClInclude Include="Engine\Core\Time\FPSKeeper.h">
      <Filter>Engine\Core\Time</Filter>
    </ClInclude>
    <ClInclude Include="Engine\DXC\Command\CommandContext.h">
      <Filter>Engine\DXC\Command</Filter>
    </ClInclude>
    <ClInclude Include="Engine\DXC\Command\DXCommand.h">
      <Filter>Engine\DXC\Command</Filter>
    </ClInclude>
    <ClInclude Include="Engine\DXC\Debug\GPUTimer.h">
      <Filter>Engine\DXC\Debug</Filter>
    </ClInclude>
    <ClInclude Include="Engine\DXC\Device\GraphicsDevice.h">
      <Filter>Engine\DXC\Device</Filter>
    </ClInclude>
    <ClInclude Include="Engine\DXC\Device\SwapChainManager.h">
      <Filter>Engine\DXC\Device</Filter>
    </ClInclude>
    <ClInclude Include="Engine\DXC\Resource\DX12Helper.h">
      <Filter>Engine\DXC\Resource</Filter>
    </ClInclude>
    <ClInclude Include="Engine\DXC\Resource\SRVManager.h">
      <Filter>Engine\DXC\Resource</Filter>
    </ClInclude>
    <ClInclude Include="Engine\DXC\Shader\DXCompile.h">
      <Filter>Engine\DXC\Shader</Filter>
    </ClInclude>
    <ClInclude Include="Engine\DXC\DXCom.h">
      <Filter>Engine\DXC</Filter>
    </ClInclude>
    <ClInclude Include="Engine\DXC\FrameCount.h">
      <Filter>Engine\DXC</Filter>
    </ClInclude>
    <ClInclude Include="Engine\Editor\Command\CommandManager.h">
      <Filter>Engine\Editor\Command</Filter>
    </ClInclude>
    <ClInclude Include="Engine\Editor\Command\CreateObjCommand.h">
      <Filter>Engine\Editor\Command</Filter>
    </ClInclude>
    <ClInclude Include="Engine\Editor\Command\DeleteObjCommand.h">
      <Filter>Engine\Editor\Command</Filter>
    </ClInclude>
    <ClInclude Include="Engine\Editor\Command\ICommand.h">
      <Filter>Engine\Editor\Command</Filter>
    </ClInclude>
    <ClInclude Include="Engine\Editor\Command\PropertyCommand.h">
      <Filter>Engine\Editor\Command</Filter>
    </ClInclude>
    <ClInclude Include="Engine\Editor\ObjectEditor\AnimationModelEditor.h">
      <Filter>Engine\Editor\ObjectEditor</Filter>
    </ClInclude>
    <ClInclude Include="Engine\Editor\ObjectEditor\GPUParticleSystemEditor.h">
      <Filter>Engine\Editor\ObjectEditor</Filter>
    </ClInclude>
    <ClInclude Include="Engine\Editor\ObjectEditor\Object3dEditor.h">
      <Filter>Engine\Editor\ObjectEditor</Filter>
    </ClInclude>
    <ClInclude Include="Engine\Editor\Widget\GizmoHelper.h">
      <Filter>Engine\Editor\Widget</Filter>
    </ClInclude>
    <ClInclude Include="Engine\Editor\Widget\JsonEditorUI.h">
      <Filter>Engine\Editor\Widget</Filter>
    </ClInclude>
    <ClInclude Include="Engine\Graphics\Camera\Camera.h">
      <Filter>Engine\Graphics\Camera</Filter>
    </ClInclude>
    <ClInclude Include="Engine\Graphics\Camera\CameraManager.h">
      <Filter>Engine\Graphics\Camera</Filter>
    </ClInclude>
    <ClInclude Include="Engine\Graphics\Camera\DebugCamera.h">
      <Filter>Engine\Graphics\Camera</Filter>
    </ClInclude>
    <ClInclude Include="Engine\Graphics\GBuffer\GBufferPass.h">
      <Filter>Engine\Graphics\GBuffer</Filter>
    </ClInclude>
    <ClInclude Include="Engine\Graphics\Light\DirectionLight.h">
      <Filter>Engine\Graphics\Light</Filter>
    </ClInclude>
    <ClInclude Include="Engine\Graphics\Light\LightManager.h">
      <Filter>Engine\Graphics\Light</Filter>
    </ClInclude>
    <ClInclude Include="Engine\Graphics\Light\PointLight.h">
      <Filter>Engine\Graphics\Light</Filter>
    </ClInclude>
    <ClInclude Include="Engine\Graphics\Light\SpotLight.h">
      <Filter>Engine\Graphics\Light</Filter>
    </ClInclude>
    <ClInclude Include="Engine\Graphics\Line\Line3dDrawer.h">
      <Filter>Engine\Graphics\Line</Filter>
    </ClInclude>
    <ClInclude Include="Engine\Graphics\Model\Material\Material.h">
      <Filter>Engine\Graphics\Model\Material</Filter>
    </ClInclude>
    <ClInclude Include="Engine\Graphics\Model\Mesh\Mesh.h">
      <Filter>Engine\Graphics\Model\Mesh</Filter>
    </ClInclude>
    <ClInclude Include="Engine\Graphics\Model\Mesh\SkinnedMesh.h">
      <Filter>Engine\Graphics\Model\Mesh</Filter>
    </ClInclude>
    <ClInclude Include="Engine\Graphics\Model\AnimationStructs.h">
      <Filter>Engine\Graphics\Model</Filter>
    </ClInclude>
    <ClInclude Include="Engine\Graphics\Model\Model.h">
      <Filter>Engine\Graphics\Model</Filter>
    </ClInclude>
    <ClInclude Include="Engine\Graphics\Model\ModelManager.h">
      <Filter>Engine\Graphics\Model</Filter>
    </ClInclude>
    <ClInclude Include="Engine\Graphics\Object\AnimationModel.h">
      <Filter>Engine\Graphics\Object</Filter>
    </ClInclude>
    <ClInclude Include="Engine\Graphics\Object\Object3d.h">
      <Filter>Engine\Graphics\Object</Filter>
    </ClInclude>
    <ClInclude Include="Engine\Graphics\Object\ObjectRenderer.h">
      <Filter>Engine\Graphics\Object</Filter>
    </ClInclude>
    <ClInclude Include="Engine\Graphics\Object\RenderObject.h">
      <Filter>Engine\Graphics\Object</Filter>
    </ClInclude>
    <ClInclude Include="Engine\Graphics\Particle\GPUParticle\GPUEmitter\EmitterJsonArchive.h">
      <Filter>Engine\Graphics\Particle\GPUParticle\GPUEmitter</Filter>
    </ClInclude>
    <ClInclude Include="Engine\Graphics\Particle\GPUParticle\GPUEmitter\MeshSurfaceEmitter.h">
      <Filter>Engine\Graphics\Particle\GPUParticle\GPUEmitter</Filter>
    </ClInclude>
    <ClInclude Include="Engine\Graphics\Particle\GPUParticle\GPUEmitter\SphereEmitter.h">
      <Filter>Engine\Graphics\Particle\GPUParticle\GPUEmitter</Filter>
    </ClInclude>
    <ClInclude Include="Engine\Graphics\Particle\GPUParticle\GPUEmitter\TextureBasedEmitter.h">
      <Filter>Engine\Graphics\Particle\GPUParticle\GPUEmitter</Filter>
    </ClInclude>
    <ClInclude Include="Engine\Graphics\Particle\GPUParticle\GPUParticleSystem.h">
      <Filter>Engine\Graphics\Particle\GPUParticle</Filter>
    </ClInclude>
    <ClInclude Include="Engine\Graphics\Particle\GPUParticle\IGPUParticleEmitter.h">
      <Filter>Engine\Graphics\Particle\GPUParticle</Filter>
    </ClInclude>
    <ClInclude Include="Engine\Graphics\Particle\ParticleGroup\IParticleGroup.h">
      <Filter>Engine\Graphics\Particle\ParticleGroup</Filter>
    </ClInclude>
    <ClInclude Include="Engine\Graphics\Particle\ParticleGroup\ParentParticleGroup.h">
      <Filter>Engine\Graphics\Particle\ParticleGroup</Filter>
    </ClInclude>
    <ClInclude Include="Engine\Graphics\Particle\ParticleGroup\ParticleGroup.h">
      <Filter>Engine\Graphics\Particle\ParticleGroup</Filter>
    </ClInclude>
    <ClInclude Include="Engine\Graphics\Particle\Particle.h">
      <Filter>Engine\Graphics\Particle</Filter>
    </ClInclude>
    <ClInclude Include="Engine\Graphics\Particle\ParticleEmitter.h">
      <Filter>Engine\Graphics\Particle</Filter>
    </ClInclude>
    <ClInclude Include="Engine\Graphics\Particle\ParticleManager.h">
      <Filter>Engine\Graphics\Particle</Filter>
    </ClInclude>
    <ClInclude Include="Engine\Graphics\Pipeline\Compute\ComputePipeline.h">
      <Filter>Engine\Graphics\Pipeline\Compute</Filter>
    </ClInclude>
    <ClInclude Include="Engine\Graphics\Pipeline\Compute\OutlineCSPipe.h">
      <Filter>Engine\Graphics\Pipeline\Compute</Filter>
    </ClInclude>
    <ClInclude Include="Engine\Graphics\Pipeline\Compute\ParticleCSPipe.h">
      <Filter>Engine\Graphics\Pipeline\Compute</Filter>
    </ClInclude>
    <ClInclude Include="Engine\Graphics\Pipeline\Compute\SkinningCSPipe.h">
      <Filter>Engine\Graphics\Pipeline\Compute</Filter>
    </ClInclude>
    <ClInclude Include="Engine\Graphics\Pipeline\Compute\TrailEmitCSPipe.h">
      <Filter>Engine\Graphics\Pipeline\Compute</Filter>
    </ClInclude>
    <ClInclude Include="Engine\Graphics\Pipeline\Render\RenderPipeline.h">
      <Filter>Engine\Graphics\Pipeline\Render</Filter>
    </ClInclude>
    <ClInclude Include="Engine\Graphics\Pipeline\BasePipeline.h">
      <Filter>Engine\Graphics\Pipeline</Filter>
    </ClInclude>
    <ClInclude Include="Engine\Graphics\Pipeline\PipeKind.h">
      <Filter>Engine\Graphics\Pipeline</Filter>
    </ClInclude>
    <ClInclude Include="Engine\Graphics\Pipeline\PipelineManager.h">
      <Filter>Engine\Graphics\Pipeline</Filter>
    </ClInclude>
    <ClInclude Include="Engine\Graphics\Pipeline\RootNames.h">
      <Filter>Engine\Graphics\Pipeline</Filter>
    </ClInclude>
    <ClInclude Include="Engine\Graphics\Pipeline\RootParam.h">
      <Filter>Engine\Graphics\Pipeline</Filter>
    </ClInclude>
    <ClInclude Include="Engine\Graphics\PostEffect\OffscreenManager.h">
      <Filter>Engine\Graphics\PostEffect</Filter>
    </ClInclude>
    <ClInclude Include="Engine\Graphics\Raytracing\Denoiser.h">
      <Filter>Engine\Graphics\Raytracing</Filter>
    </ClInclude>
    <ClInclude Include="Engine\Graphics\Raytracing\RayTracedAOPass.h">
      <Filter>Engine\Graphics\Raytracing</Filter>
    </ClInclude>
    <ClInclude Include="Engine\Graphics\Raytracing\RayTracedShadowPass.h">
      <Filter>Engine\Graphics\Raytracing</Filter>
    </ClInclude>
    <ClInclude Include="Engine\Graphics\IBL\IBLBaker.h">
      <Filter>Engine\Graphics\IBL</Filter>
    </ClInclude>
    <ClInclude Include="Engine\Graphics\Raytracing\RaytracingScene.h">
      <Filter>Engine\Graphics\Raytracing</Filter>
    </ClInclude>
    <ClInclude Include="Engine\Graphics\Raytracing\WorkTexture.h">
      <Filter>Engine\Graphics\Raytracing</Filter>
    </ClInclude>
    <ClInclude Include="Engine\Graphics\SkyBox\SkyBox.h">
      <Filter>Engine\Graphics\SkyBox</Filter>
    </ClInclude>
    <ClInclude Include="Engine\Graphics\Sprite\Sprite.h">
      <Filter>Engine\Graphics\Sprite</Filter>
    </ClInclude>
    <ClInclude Include="Engine\Graphics\Sprite\SpriteRenderer.h">
      <Filter>Engine\Graphics\Sprite</Filter>
    </ClInclude>
    <ClInclude Include="Engine\Graphics\Texture\TextureManager.h">
      <Filter>Engine\Graphics\Texture</Filter>
    </ClInclude>
    <ClInclude Include="Engine\Logger\Logger.h">
      <Filter>Engine\Logger</Filter>
    </ClInclude>
    <ClInclude Include="Engine\Math\Animation\Animation.h">
      <Filter>Engine\Math\Animation</Filter>
    </ClInclude>
    <ClInclude Include="Engine\Math\Animation\Keyframe.h">
      <Filter>Engine\Math\Animation</Filter>
    </ClInclude>
    <ClInclude Include="Engine\Math\Animation\NodeAnimation.h">
      <Filter>Engine\Math\Animation</Filter>
    </ClInclude>
    <ClInclude Include="Engine\Math\Animation\Skelton.h">
      <Filter>Engine\Math\Animation</Filter>
    </ClInclude>
    <ClInclude Include="Engine\Math\Matrix\Matrix2x2.h">
      <Filter>Engine\Math\Matrix</Filter>
    </ClInclude>
    <ClInclude Include="Engine\Math\Matrix\Matrix3x3.h">
      <Filter>Engine\Math\Matrix</Filter>
    </ClInclude>
    <ClInclude Include="Engine\Math\Matrix\Matrix4x4.h">
      <Filter>Engine\Math\Matrix</Filter>
    </ClInclude>
    <ClInclude Include="Engine\Math\Matrix\MatrixCalculation.h">
      <Filter>Engine\Math\Matrix</Filter>
    </ClInclude>
    <ClInclude Include="Engine\Math\Quaternion\Quaternion.h">
      <Filter>Engine\Math\Quaternion</Filter>
    </ClInclude>
    <ClInclude Include="Engine\Math\Random\Random.h">
      <Filter>Engine\Math\Random</Filter>
    </ClInclude>
    <ClInclude Include="Engine\Math\Vector\Vector2.h">
      <Filter>Engine\Math\Vector</Filter>
    </ClInclude>
    <ClInclude Include="Engine\Math\Vector\Vector2Matrix.h">
      <Filter>Engine\Math\Vector</Filter>
    </ClInclude>
    <ClInclude Include="Engine\Math\Vector\Vector3.h">
      <Filter>Engine\Math\Vector</Filter>
    </ClInclude>
    <ClInclude Include="Engine\Math\Vector\Vector4.h">
      <Filter>Engine\Math\Vector</Filter>
    </ClInclude>
    <ClInclude Include="Engine\Scene\AbstractSceneFactory.h">
      <Filter>Engine\Scene</Filter>
    </ClInclude>
    <ClInclude Include="Engine\Scene\BaseScene.h">
      <Filter>Engine\Scene</Filter>
    </ClInclude>
    <ClInclude Include="Engine\Scene\SceneManager.h">
      <Filter>Engine\Scene</Filter>
    </ClInclude>
    <ClInclude Include="Engine\FujiEngine.h">
      <Filter>Engine</Filter>
    </ClInclude>
    <ClInclude Include="externals\imgui\utilities\builders.h">
      <Filter>externals\imgui\utilities</Filter>
    </ClInclude>
    <ClInclude Include="externals\imgui\utilities\drawing.h">
      <Filter>externals\imgui\utilities</Filter>
    </ClInclude>
    <ClInclude Include="externals\imgui\utilities\widgets.h">
      <Filter>externals\imgui\utilities</Filter>
    </ClInclude>
    <ClInclude Include="Game\App\GameRun.h">
      <Filter>Game\App</Filter>
    </ClInclude>
    <ClInclude Include="Engine\Collision\AABBCollider.h">
      <Filter>Engine\Collision</Filter>
    </ClInclude>
    <ClInclude Include="Engine\Collision\BaseCollider.h">
      <Filter>Engine\Collision</Filter>
    </ClInclude>
    <ClInclude Include="Engine\Collision\CollisionManager.h">
      <Filter>Engine\Collision</Filter>
    </ClInclude>
    <ClInclude Include="Game\Field\MapChipField.h">
      <Filter>Game\Field</Filter>
    </ClInclude>
    <ClInclude Include="Game\GameObj\Enemy\Behavior\BaseBossBehavior.h">
      <Filter>Game\GameObj\Enemy\Behavior</Filter>
    </ClInclude>
    <ClInclude Include="Game\GameObj\Enemy\Behavior\BossAreaAttack.h">
      <Filter>Game\GameObj\Enemy\Behavior</Filter>
    </ClInclude>
    <ClInclude Include="Game\GameObj\Enemy\Behavior\BossArrowAttack.h">
      <Filter>Game\GameObj\Enemy\Behavior</Filter>
    </ClInclude>
    <ClInclude Include="Game\GameObj\Enemy\Behavior\BossAttack.h">
      <Filter>Game\GameObj\Enemy\Behavior</Filter>
    </ClInclude>
    <ClInclude Include="Game\GameObj\Enemy\Behavior\BossBeamAttack.h">
      <Filter>Game\GameObj\Enemy\Behavior</Filter>
    </ClInclude>
    <ClInclude Include="Game\GameObj\Enemy\Behavior\BossDushAttack.h">
      <Filter>Game\GameObj\Enemy\Behavior</Filter>
    </ClInclude>
    <ClInclude Include="Game\GameObj\Enemy\Behavior\BossJumpAttack.h">
      <Filter>Game\GameObj\Enemy\Behavior</Filter>
    </ClInclude>
    <ClInclude Include="Game\GameObj\Enemy\Behavior\BossRodFall.h">
      <Filter>Game\GameObj\Enemy\Behavior</Filter>
    </ClInclude>
    <ClInclude Include="Game\GameObj\Enemy\Behavior\BossRoot.h">
      <Filter>Game\GameObj\Enemy\Behavior</Filter>
    </ClInclude>
    <ClInclude Include="Game\GameObj\Enemy\Behavior\BossSwordAttack.h">
      <Filter>Game\GameObj\Enemy\Behavior</Filter>
    </ClInclude>
    <ClInclude Include="Game\GameObj\Enemy\BossItem\Arrow.h">
      <Filter>Game\GameObj\Enemy\BossItem</Filter>
    </ClInclude>
    <ClInclude Include="Game\GameObj\Enemy\BossItem\Beam.h">
      <Filter>Game\GameObj\Enemy\BossItem</Filter>
    </ClInclude>
    <ClInclude Include="Game\GameObj\Enemy\BossItem\BossItemManager.h">
      <Filter>Game\GameObj\Enemy\BossItem</Filter>
    </ClInclude>
    <ClInclude Include="Game\GameObj\Enemy\BossItem\UnderRing.h">
      <Filter>Game\GameObj\Enemy\BossItem</Filter>
    </ClInclude>
    <ClInclude Include="Game\GameObj\Enemy\BossItem\WaveWall.h">
      <Filter>Game\GameObj\Enemy\BossItem</Filter>
    </ClInclude>
    <ClInclude Include="Game\GameObj\Enemy\Boss.h">
      <Filter>Game\GameObj\Enemy</Filter>
    </ClInclude>
    <ClInclude Include="Game\GameObj\Enemy\BossCore.h">
      <Filter>Game\GameObj\Enemy</Filter>
    </ClInclude>
    <ClInclude Include="Game\GameObj\Player\AttackBehavior\BasePlayerAttackBehavior.h">
      <Filter>Game\GameObj\Player\AttackBehavior</Filter>
    </ClInclude>
    <ClInclude Include="Game\GameObj\Player\AttackBehavior\PlayerAttackRoot.h">
      <Filter>Game\GameObj\Player\AttackBehavior</Filter>
    </ClInclude>
    <ClInclude Include="Game\GameObj\Player\Behavior\BasePlayerBehavior.h">
      <Filter>Game\GameObj\Player\Behavior</Filter>
    </ClInclude>
    <ClInclude Include="Game\GameObj\Player\Behavior\PlayerAvoid.h">
      <Filter>Game\GameObj\Player\Behavior</Filter>
    </ClInclude>
    <ClInclude Include="Game\GameObj\Player\Behavior\PlayerJump.h">
      <Filter>Game\GameObj\Player\Behavior</Filter>
    </ClInclude>
    <ClInclude Include="Game\GameObj\Player\Behavior\PlayerRoot.h">
      <Filter>Game\GameObj\Player\Behavior</Filter>
    </ClInclude>
    <ClInclude Include="Game\GameObj\Player\Player.h">
      <Filter>Game\GameObj\Player</Filter>
    </ClInclude>
    <ClInclude Include="Game\GameObj\Player\PlayerBullet.h">
      <Filter>Game\GameObj\Player</Filter>
    </ClInclude>
    <ClInclude Include="Game\GameObj\FollowCamera.h">
      <Filter>Game\GameObj</Filter>
    </ClInclude>
    <ClInclude Include="Engine\GameObject\GameObject.h">
      <Filter>Engine\GameObject</Filter>
    </ClInclude>
    <ClInclude Include="Game\Particle\GameEmitters.h">
      <Filter>Game\Particle</Filter>
    </ClInclude>
    <ClInclude Include="Game\Scene\Debug\GPUParticleScene.h">
      <Filter>Game\Scene\Debug</Filter>
    </ClInclude>
    <ClInclude Include="Game\Scene\Debug\ParticleDebugScene.h">
      <Filter>Game\Scene\Debug</Filter>
    </ClInclude>
    <ClInclude Include="Game\Scene\Debug\TestScene.h">
      <Filter>Game\Scene\Debug</Filter>
    </ClInclude>
    <ClInclude Include="Game\Scene\Main\GameScene.h">
      <Filter>Game\Scene\Main</Filter>
    </ClInclude>
    <ClInclude Include="Game\Scene\Main\ResultScene.h">
      <Filter>Game\Scene\Main</Filter>
    </ClInclude>
    <ClInclude Include="Game\Scene\Main\TitleScene.h">
      <Filter>Game\Scene\Main</Filter>
    </ClInclude>
    <ClInclude Include="Game\Scene\SceneFactory.h">
      <Filter>Game\Scene</Filter>
    </ClInclude>
  </ItemGroup>
  <ItemGroup>
    <Filter Include="Engine">
      <UniqueIdentifier>{73eddf69-5416-4ecf-b2ba-3d701407fe67}</UniqueIdentifier>
    </Filter>
    <Filter Include="Engine\Audio">
      <UniqueIdentifier>{c4da6d91-5105-4c92-9aaf-351f4c3f5156}</UniqueIdentifier>
    </Filter>
    <Filter Include="Engine\Core">
      <UniqueIdentifier>{619e271e-f0bb-41d0-9e63-c3006c8d32d8}</UniqueIdentifier>
    </Filter>
    <Filter Include="Engine\Core\App">
      <UniqueIdentifier>{460da20a-ca47-4690-a0d2-90af2dfa810c}</UniqueIdentifier>
    </Filter>
    <Filter Include="Engine\Core\Debug">
      <UniqueIdentifier>{50c45886-05e2-48e6-a137-8c21a7797194}</UniqueIdentifier>
    </Filter>
    <Filter Include="Engine\Core\Input">
      <UniqueIdentifier>{6100787a-bc10-4169-b3bb-7cf34ecc5722}</UniqueIdentifier>
    </Filter>
    <Filter Include="Engine\Core\Serialize">
      <UniqueIdentifier>{fd37f843-fbf0-4b59-bdc2-d97ee9c178b6}</UniqueIdentifier>
    </Filter>
    <Filter Include="Engine\Core\Time">
      <UniqueIdentifier>{11ca4f5f-467d-43da-a324-43c0d9ddb903}</UniqueIdentifier>
    </Filter>
    <Filter Include="Engine\DXC">
      <UniqueIdentifier>{05f81efd-0768-45bf-bb88-ed28152186ce}</UniqueIdentifier>
    </Filter>
    <Filter Include="Engine\DXC\Command">
      <UniqueIdentifier>{8b8d6d78-0350-4b6c-8e13-a0f09a933661}</UniqueIdentifier>
    </Filter>
    <Filter Include="Engine\DXC\Debug">
      <UniqueIdentifier>{127da422-28bc-4705-86c7-332f4370a299}</UniqueIdentifier>
    </Filter>
    <Filter Include="Engine\DXC\Device">
      <UniqueIdentifier>{b663ea91-9647-46da-a3a2-089f8864e526}</UniqueIdentifier>
    </Filter>
    <Filter Include="Engine\DXC\Resource">
      <UniqueIdentifier>{4fe1a4b2-d7dd-4d43-a92c-1d18f03ed964}</UniqueIdentifier>
    </Filter>
    <Filter Include="Engine\DXC\Shader">
      <UniqueIdentifier>{51024848-24c7-4cc4-bed6-f7015c00e699}</UniqueIdentifier>
    </Filter>
    <Filter Include="Engine\Editor">
      <UniqueIdentifier>{b324ee81-9c59-4fe2-9acd-053eaf7bcddc}</UniqueIdentifier>
    </Filter>
    <Filter Include="Engine\Editor\Command">
      <UniqueIdentifier>{8ee7e266-a9a5-4e54-aec2-5010785b81b2}</UniqueIdentifier>
    </Filter>
    <Filter Include="Engine\Editor\ObjectEditor">
      <UniqueIdentifier>{831a36ef-cbe3-4400-b3d2-9f5df3c23a5c}</UniqueIdentifier>
    </Filter>
    <Filter Include="Engine\Editor\Widget">
      <UniqueIdentifier>{7d52c69a-aa69-4ee6-9f79-bc9b3423e982}</UniqueIdentifier>
    </Filter>
    <Filter Include="Engine\Graphics">
      <UniqueIdentifier>{41336af9-34e2-4ba6-beba-a8bc0c3d679f}</UniqueIdentifier>
    </Filter>
    <Filter Include="Engine\Graphics\Camera">
      <UniqueIdentifier>{f5fc9678-7ffc-418c-b44e-32744105ba66}</UniqueIdentifier>
    </Filter>
    <Filter Include="Engine\Graphics\GBuffer">
      <UniqueIdentifier>{2b6d4f80-9c31-4e57-a0f2-5d8341bc79e6}</UniqueIdentifier>
    </Filter>
    <Filter Include="Engine\Graphics\Light">
      <UniqueIdentifier>{2179f239-8625-4bb6-aabb-7016ebdb4b05}</UniqueIdentifier>
    </Filter>
    <Filter Include="Engine\Graphics\Line">
      <UniqueIdentifier>{bb1062cd-adbf-4ce8-9e4b-4b6d3d007022}</UniqueIdentifier>
    </Filter>
    <Filter Include="Engine\Graphics\Model">
      <UniqueIdentifier>{4bc76c76-deff-4ae4-ae47-91330a2a46e2}</UniqueIdentifier>
    </Filter>
    <Filter Include="Engine\Graphics\Model\Material">
      <UniqueIdentifier>{b74125c9-3c29-46b2-81d2-37358e6e6a51}</UniqueIdentifier>
    </Filter>
    <Filter Include="Engine\Graphics\Model\Mesh">
      <UniqueIdentifier>{6248f548-efe6-4fc9-b543-8257562da967}</UniqueIdentifier>
    </Filter>
    <Filter Include="Engine\Graphics\Object">
      <UniqueIdentifier>{706f39f8-319a-4386-bad1-61336b6d9302}</UniqueIdentifier>
    </Filter>
    <Filter Include="Engine\Graphics\Particle">
      <UniqueIdentifier>{4d4dc60b-04b2-40e2-9607-9fe0ee88842d}</UniqueIdentifier>
    </Filter>
    <Filter Include="Engine\Graphics\Particle\GPUParticle">
      <UniqueIdentifier>{dbdf5614-d80c-4e41-afda-a9d092e3a777}</UniqueIdentifier>
    </Filter>
    <Filter Include="Engine\Graphics\Particle\GPUParticle\GPUEmitter">
      <UniqueIdentifier>{64f2e89b-2981-4c15-a805-0911fc8d3d5d}</UniqueIdentifier>
    </Filter>
    <Filter Include="Engine\Graphics\Particle\ParticleGroup">
      <UniqueIdentifier>{f75ee25c-8af4-4967-9897-b152d5adf9da}</UniqueIdentifier>
    </Filter>
    <Filter Include="Engine\Graphics\Pipeline">
      <UniqueIdentifier>{af2a2f11-251f-4051-a36a-218e2a476d33}</UniqueIdentifier>
    </Filter>
    <Filter Include="Engine\Graphics\Pipeline\Compute">
      <UniqueIdentifier>{d239e3fb-95d8-40f3-953c-7d7f59811df7}</UniqueIdentifier>
    </Filter>
    <Filter Include="Engine\Graphics\Pipeline\Render">
      <UniqueIdentifier>{c8e2881d-d3be-4d75-bfb2-cf742fe43cc6}</UniqueIdentifier>
    </Filter>
    <Filter Include="Engine\Graphics\PostEffect">
      <UniqueIdentifier>{5e1bcb8e-e405-440e-9b7f-3be0a1f637d8}</UniqueIdentifier>
    </Filter>
    <Filter Include="Engine\Graphics\Raytracing">
      <UniqueIdentifier>{7f3a91c4-6b2e-4a58-9d17-2ec5b840af31}</UniqueIdentifier>
    </Filter>
    <Filter Include="Engine\Graphics\IBL">
      <UniqueIdentifier>{2c9d4f16-8a37-4e59-b6d2-71c0e4a938bd}</UniqueIdentifier>
    </Filter>
    <Filter Include="Engine\Graphics\SkyBox">
      <UniqueIdentifier>{8bf1d823-4716-42bc-b10e-f178f4e21b6e}</UniqueIdentifier>
    </Filter>
    <Filter Include="Engine\Graphics\Sprite">
      <UniqueIdentifier>{f3554820-597a-4393-b67a-5f9dc3415504}</UniqueIdentifier>
    </Filter>
    <Filter Include="Engine\Graphics\Texture">
      <UniqueIdentifier>{33714a27-f888-409f-a9a4-9c3ca2e73f0f}</UniqueIdentifier>
    </Filter>
    <Filter Include="Engine\Logger">
      <UniqueIdentifier>{e851916b-0abb-46d1-9001-33ec613ee5b6}</UniqueIdentifier>
    </Filter>
    <Filter Include="Engine\Math">
      <UniqueIdentifier>{11241f09-8f20-47f7-9a9b-6f5b29a62dd0}</UniqueIdentifier>
    </Filter>
    <Filter Include="Engine\Math\Animation">
      <UniqueIdentifier>{bd1e8302-2cd0-47fe-bbf8-ba4e941d5a51}</UniqueIdentifier>
    </Filter>
    <Filter Include="Engine\Math\Matrix">
      <UniqueIdentifier>{c3c8cefe-3407-4bcf-89b5-30a88c2d74c4}</UniqueIdentifier>
    </Filter>
    <Filter Include="Engine\Math\Quaternion">
      <UniqueIdentifier>{de0ec3b1-c396-481f-829b-4a87b6923d46}</UniqueIdentifier>
    </Filter>
    <Filter Include="Engine\Math\Random">
      <UniqueIdentifier>{fbafdfc2-b133-4fa5-8806-f13994df902f}</UniqueIdentifier>
    </Filter>
    <Filter Include="Engine\Math\Vector">
      <UniqueIdentifier>{7d72c698-8a41-43a4-8ede-abcee7e036a8}</UniqueIdentifier>
    </Filter>
    <Filter Include="Engine\Scene">
      <UniqueIdentifier>{9b2b279b-994d-4704-b28e-0a62df13d1b9}</UniqueIdentifier>
    </Filter>
    <Filter Include="externals">
      <UniqueIdentifier>{5be5382f-ec04-4a33-8580-04e98ff8956d}</UniqueIdentifier>
    </Filter>
    <Filter Include="externals\imgui">
      <UniqueIdentifier>{1d7ac97b-a66d-4b17-ae3e-18af557da005}</UniqueIdentifier>
    </Filter>
    <Filter Include="externals\imgui\utilities">
      <UniqueIdentifier>{94f6f261-20b1-4c47-a774-0143dd37d546}</UniqueIdentifier>
    </Filter>
    <Filter Include="Game">
      <UniqueIdentifier>{a757f108-94e3-4654-a9dd-60e1df2d6d9a}</UniqueIdentifier>
    </Filter>
    <Filter Include="Game\App">
      <UniqueIdentifier>{e84b01f8-a8cf-4267-b86c-0ccc66fcee4d}</UniqueIdentifier>
    </Filter>
    <Filter Include="Engine\Collision">
      <UniqueIdentifier>{20f410ec-47e8-4e10-a499-b1fd2ef09cde}</UniqueIdentifier>
    </Filter>
    <Filter Include="Game\Field">
      <UniqueIdentifier>{474c6061-5ccc-4a22-b89f-a7917901b616}</UniqueIdentifier>
    </Filter>
    <Filter Include="Game\GameObj">
      <UniqueIdentifier>{617e8378-5eb2-45b5-b7d1-72cdc9b6216f}</UniqueIdentifier>
    </Filter>
    <Filter Include="Game\GameObj\Enemy">
      <UniqueIdentifier>{75f61a48-bc79-46a6-b1ec-ceee4a1b817f}</UniqueIdentifier>
    </Filter>
    <Filter Include="Game\GameObj\Enemy\Behavior">
      <UniqueIdentifier>{2263d8f9-5f9a-4c29-8a79-292d1fed0cbb}</UniqueIdentifier>
    </Filter>
    <Filter Include="Game\GameObj\Enemy\BossItem">
      <UniqueIdentifier>{6f67285b-3cf8-4b8c-8d42-5873aa75a24d}</UniqueIdentifier>
    </Filter>
    <Filter Include="Game\GameObj\Player">
      <UniqueIdentifier>{272b979d-4022-461f-9b40-fa2e97c94d98}</UniqueIdentifier>
    </Filter>
    <Filter Include="Game\GameObj\Player\AttackBehavior">
      <UniqueIdentifier>{611fdb19-c0f4-416e-b738-366e3fdfbd34}</UniqueIdentifier>
    </Filter>
    <Filter Include="Game\GameObj\Player\Behavior">
      <UniqueIdentifier>{8d06dd74-7aa7-4bd8-9f75-d044a3d5acdc}</UniqueIdentifier>
    </Filter>
    <Filter Include="Engine\GameObject">
      <UniqueIdentifier>{582d5b3b-3b7d-4005-9981-1c1a7472245f}</UniqueIdentifier>
    </Filter>
    <Filter Include="Game\Particle">
      <UniqueIdentifier>{3c8a1f2d-6b47-4d9e-9a15-2f7c5e0b48d1}</UniqueIdentifier>
    </Filter>
    <Filter Include="Game\Scene">
      <UniqueIdentifier>{9f02f36c-fca6-4a84-99db-93ec2013ba4b}</UniqueIdentifier>
    </Filter>
    <Filter Include="Game\Scene\Debug">
      <UniqueIdentifier>{e1d3045a-e5a5-46ba-8f78-616066e6603f}</UniqueIdentifier>
    </Filter>
    <Filter Include="Game\Scene\Main">
      <UniqueIdentifier>{e740af0f-9631-47ae-8b6b-ce7f7dfab025}</UniqueIdentifier>
    </Filter>
    <Filter Include="resource">
      <UniqueIdentifier>{d1480a97-446f-40e9-b028-4aef321c7247}</UniqueIdentifier>
    </Filter>
    <Filter Include="resource\Shaders">
      <UniqueIdentifier>{721d04ed-0430-462c-a558-1b345031cb69}</UniqueIdentifier>
    </Filter>
    <Filter Include="resource\Shaders\Common">
      <UniqueIdentifier>{ffb99b01-6b21-4ca5-b113-3cb0f4a212e7}</UniqueIdentifier>
    </Filter>
    <Filter Include="resource\Shaders\Debug">
      <UniqueIdentifier>{50f3278e-7fb7-4391-95ad-bac3729c0341}</UniqueIdentifier>
    </Filter>
    <Filter Include="resource\Shaders\Line">
      <UniqueIdentifier>{d858fb7c-9d57-4d1d-b85d-ba47bf9df3b8}</UniqueIdentifier>
    </Filter>
    <Filter Include="resource\Shaders\Object">
      <UniqueIdentifier>{f490f2b3-9bcb-4392-a577-e38af5fafa51}</UniqueIdentifier>
    </Filter>
    <Filter Include="resource\Shaders\Particle">
      <UniqueIdentifier>{d4da8034-7bd3-4359-ba7b-f5580dbabe1e}</UniqueIdentifier>
    </Filter>
    <Filter Include="resource\Shaders\Particle\GPU">
      <UniqueIdentifier>{0aae6f13-14c3-4ba1-853f-cf0499d08841}</UniqueIdentifier>
    </Filter>
    <Filter Include="resource\Shaders\PostEffect">
      <UniqueIdentifier>{ded13372-1112-4e9a-b659-8fb2370e64bb}</UniqueIdentifier>
    </Filter>
    <Filter Include="resource\Shaders\IBL">
      <UniqueIdentifier>{a41e7b52-3d68-4c17-8f95-6ba2d0e731c4}</UniqueIdentifier>
    </Filter>
    <Filter Include="resource\Shaders\Raytracing">
      <UniqueIdentifier>{cc8233a6-88dc-4a77-a632-75b0eecfb058}</UniqueIdentifier>
    </Filter>
    <Filter Include="resource\Shaders\SkyBox">
      <UniqueIdentifier>{181d2980-abb4-41cb-9f43-4e944bc9b77c}</UniqueIdentifier>
    </Filter>
    <Filter Include="resource\Shaders\Sprite">
      <UniqueIdentifier>{aafe66cb-f4b9-4d91-adad-8590f02ae2b9}</UniqueIdentifier>
    </Filter>
  </ItemGroup>
  <ItemGroup>
    <FxCompile Include="resource\Shaders\Debug\BaseGrid.PS.hlsl">
      <Filter>resource\Shaders\Debug</Filter>
    </FxCompile>
    <FxCompile Include="resource\Shaders\Debug\BaseGrid.VS.hlsl">
      <Filter>resource\Shaders\Debug</Filter>
    </FxCompile>
    <FxCompile Include="resource\Shaders\Line\Line3d.PS.hlsl">
      <Filter>resource\Shaders\Line</Filter>
    </FxCompile>
    <FxCompile Include="resource\Shaders\Line\Line3d.VS.hlsl">
      <Filter>resource\Shaders\Line</Filter>
    </FxCompile>
    <FxCompile Include="resource\Shaders\Object\DepthNormal.PS.hlsl">
      <Filter>resource\Shaders\Object</Filter>
    </FxCompile>
    <FxCompile Include="resource\Shaders\Object\EnvMapObject3d.PS.hlsl">
      <Filter>resource\Shaders\Object</Filter>
    </FxCompile>
    <FxCompile Include="resource\Shaders\Object\Object3d.PS.hlsl">
      <Filter>resource\Shaders\Object</Filter>
    </FxCompile>
    <FxCompile Include="resource\Shaders\Object\Object3d.VS.hlsl">
      <Filter>resource\Shaders\Object</Filter>
    </FxCompile>
    <FxCompile Include="resource\Shaders\Object\Skinning.CS.hlsl">
      <Filter>resource\Shaders\Object</Filter>
    </FxCompile>
    <FxCompile Include="resource\Shaders\Particle\GPU\AliveParticleCount.CS.hlsl">
      <Filter>resource\Shaders\Particle\GPU</Filter>
    </FxCompile>
    <FxCompile Include="resource\Shaders\Particle\GPU\ClearParticleColor.CS.hlsl">
      <Filter>resource\Shaders\Particle\GPU</Filter>
    </FxCompile>
    <FxCompile Include="resource\Shaders\Particle\GPU\CSParticle.PS.hlsl">
      <Filter>resource\Shaders\Particle\GPU</Filter>
    </FxCompile>
    <FxCompile Include="resource\Shaders\Particle\GPU\CSParticle.VS.hlsl">
      <Filter>resource\Shaders\Particle\GPU</Filter>
    </FxCompile>
    <FxCompile Include="resource\Shaders\Particle\GPU\EmitParticle.CS.hlsl">
      <Filter>resource\Shaders\Particle\GPU</Filter>
    </FxCompile>
    <FxCompile Include="resource\Shaders\Particle\GPU\EmitSurfaceParticle.CS.hlsl">
      <Filter>resource\Shaders\Particle\GPU</Filter>
    </FxCompile>
    <FxCompile Include="resource\Shaders\Particle\GPU\EmitTexParticle.CS.hlsl">
      <Filter>resource\Shaders\Particle\GPU</Filter>
    </FxCompile>
    <FxCompile Include="resource\Shaders\Particle\GPU\InitArgs.CS.hlsl">
      <Filter>resource\Shaders\Particle\GPU</Filter>
    </FxCompile>
    <FxCompile Include="resource\Shaders\Particle\GPU\InitParticle.CS.hlsl">
      <Filter>resource\Shaders\Particle\GPU</Filter>
    </FxCompile>
    <FxCompile Include="resource\Shaders\Particle\GPU\SplatClear.CS.hlsl">
      <Filter>resource\Shaders\Particle\GPU</Filter>
    </FxCompile>
    <FxCompile Include="resource\Shaders\Particle\GPU\SplatComposite.PS.hlsl">
      <Filter>resource\Shaders\Particle\GPU</Filter>
    </FxCompile>
    <FxCompile Include="resource\Shaders\Particle\GPU\SplatComposite.VS.hlsl">
      <Filter>resource\Shaders\Particle\GPU</Filter>
    </FxCompile>
    <FxCompile Include="resource\Shaders\Particle\GPU\SplatParticle.CS.hlsl">
      <Filter>resource\Shaders\Particle\GPU</Filter>
    </FxCompile>
    <FxCompile Include="resource\Shaders\Particle\GPU\TrailEmit.CS.hlsl">
      <Filter>resource\Shaders\Particle\GPU</Filter>
    </FxCompile>
    <FxCompile Include="resource\Shaders\Particle\GPU\UpdateParticle.CS.hlsl">
      <Filter>resource\Shaders\Particle\GPU</Filter>
    </FxCompile>
    <FxCompile Include="resource\Shaders\Particle\GPU\UpdateParticleSplat.CS.hlsl">
      <Filter>resource\Shaders\Particle\GPU</Filter>
    </FxCompile>
    <FxCompile Include="resource\Shaders\Particle\Particle.PS.hlsl">
      <Filter>resource\Shaders\Particle</Filter>
    </FxCompile>
    <FxCompile Include="resource\Shaders\Particle\Particle.VS.hlsl">
      <Filter>resource\Shaders\Particle</Filter>
    </FxCompile>
    <FxCompile Include="resource\Shaders\PostEffect\Bloom.CS.hlsl">
      <Filter>resource\Shaders\PostEffect</Filter>
    </FxCompile>
    <FxCompile Include="resource\Shaders\PostEffect\BoxFilter.CS.hlsl">
      <Filter>resource\Shaders\PostEffect</Filter>
    </FxCompile>
    <FxCompile Include="resource\Shaders\PostEffect\CRTEffect.CS.hlsl">
      <Filter>resource\Shaders\PostEffect</Filter>
    </FxCompile>
    <FxCompile Include="resource\Shaders\PostEffect\Gaussian.CS.hlsl">
      <Filter>resource\Shaders\PostEffect</Filter>
    </FxCompile>
    <FxCompile Include="resource\Shaders\PostEffect\Grayscale.CS.hlsl">
      <Filter>resource\Shaders\PostEffect</Filter>
    </FxCompile>
    <FxCompile Include="resource\Shaders\PostEffect\LuminanceBasedOutline.CS.hlsl">
      <Filter>resource\Shaders\PostEffect</Filter>
    </FxCompile>
    <FxCompile Include="resource\Shaders\PostEffect\NonePost.PS.hlsl">
      <Filter>resource\Shaders\PostEffect</Filter>
    </FxCompile>
    <FxCompile Include="resource\Shaders\PostEffect\NonePost.VS.hlsl">
      <Filter>resource\Shaders\PostEffect</Filter>
    </FxCompile>
    <FxCompile Include="resource\Shaders\PostEffect\Outline.CS.hlsl">
      <Filter>resource\Shaders\PostEffect</Filter>
    </FxCompile>
    <FxCompile Include="resource\Shaders\PostEffect\RadialBlur.CS.hlsl">
      <Filter>resource\Shaders\PostEffect</Filter>
    </FxCompile>
    <FxCompile Include="resource\Shaders\PostEffect\Random.CS.hlsl">
      <Filter>resource\Shaders\PostEffect</Filter>
    </FxCompile>
    <FxCompile Include="resource\Shaders\PostEffect\RetroTV.CS.hlsl">
      <Filter>resource\Shaders\PostEffect</Filter>
    </FxCompile>
    <FxCompile Include="resource\Shaders\PostEffect\Tonemap.PS.hlsl">
      <Filter>resource\Shaders\PostEffect</Filter>
    </FxCompile>
    <FxCompile Include="resource\Shaders\PostEffect\Vignette.CS.hlsl">
      <Filter>resource\Shaders\PostEffect</Filter>
    </FxCompile>
    <FxCompile Include="resource\Shaders\Raytracing\DenoiseSpatial.CS.hlsl">
      <Filter>resource\Shaders\Raytracing</Filter>
    </FxCompile>
    <FxCompile Include="resource\Shaders\Raytracing\DenoiseTemporal.CS.hlsl">
      <Filter>resource\Shaders\Raytracing</Filter>
    </FxCompile>
    <FxCompile Include="resource\Shaders\Raytracing\RayTracedAO.CS.hlsl">
      <Filter>resource\Shaders\Raytracing</Filter>
    </FxCompile>
    <FxCompile Include="resource\Shaders\Raytracing\RayTracedShadow.CS.hlsl">
      <Filter>resource\Shaders\Raytracing</Filter>
    </FxCompile>
    <FxCompile Include="resource\Shaders\IBL\IrradianceBake.CS.hlsl">
      <Filter>resource\Shaders\IBL</Filter>
    </FxCompile>
    <FxCompile Include="resource\Shaders\IBL\PrefilterEnv.CS.hlsl">
      <Filter>resource\Shaders\IBL</Filter>
    </FxCompile>
    <FxCompile Include="resource\Shaders\IBL\BRDFLut.CS.hlsl">
      <Filter>resource\Shaders\IBL</Filter>
    </FxCompile>
    <FxCompile Include="resource\Shaders\IBL\CubePreview.CS.hlsl">
      <Filter>resource\Shaders\IBL</Filter>
    </FxCompile>
    <FxCompile Include="resource\Shaders\SkyBox\Skybox.PS.hlsl">
      <Filter>resource\Shaders\SkyBox</Filter>
    </FxCompile>
    <FxCompile Include="resource\Shaders\SkyBox\Skybox.VS.hlsl">
      <Filter>resource\Shaders\SkyBox</Filter>
    </FxCompile>
    <FxCompile Include="resource\Shaders\Sprite\Sprite.PS.hlsl">
      <Filter>resource\Shaders\Sprite</Filter>
    </FxCompile>
  </ItemGroup>
  <ItemGroup>
    <None Include="resource\Shaders\Common\GBufferUtil.hlsli">
      <Filter>resource\Shaders\Common</Filter>
    </None>
    <None Include="resource\Shaders\Common\Noise.hlsli">
      <Filter>resource\Shaders\Common</Filter>
    </None>
    <None Include="resource\Shaders\Common\PBR.hlsli">
      <Filter>resource\Shaders\Common</Filter>
    </None>
    <None Include="resource\Shaders\Common\Random.hlsli">
      <Filter>resource\Shaders\Common</Filter>
    </None>
    <None Include="resource\Shaders\Common\RayTracedAO.hlsli">
      <Filter>resource\Shaders\Common</Filter>
    </None>
    <None Include="resource\Shaders\Common\RayTracedReflection.hlsli">
      <Filter>resource\Shaders\Common</Filter>
    </None>
    <None Include="resource\Shaders\Common\RayTracedShadow.hlsli">
      <Filter>resource\Shaders\Common</Filter>
    </None>
    <None Include="resource\Shaders\Common\Sampling.hlsli">
      <Filter>resource\Shaders\Common</Filter>
    </None>
    <None Include="resource\Shaders\Common\ScreenSpaceAO.hlsli">
      <Filter>resource\Shaders\Common</Filter>
    </None>
    <None Include="resource\Shaders\Common\ScreenSpaceShadow.hlsli">
      <Filter>resource\Shaders\Common</Filter>
    </None>
    <None Include="resource\Shaders\Common\IBL.hlsli">
      <Filter>resource\Shaders\Common</Filter>
    </None>
    <None Include="resource\Shaders\Common\IBLBake.hlsli">
      <Filter>resource\Shaders\Common</Filter>
    </None>
    <None Include="resource\Shaders\Line\Line3d.hlsli">
      <Filter>resource\Shaders\Line</Filter>
    </None>
    <None Include="resource\Shaders\Object\Object3d.hlsli">
      <Filter>resource\Shaders\Object</Filter>
    </None>
    <None Include="resource\Shaders\Particle\GPU\CSParticle.hlsli">
      <Filter>resource\Shaders\Particle\GPU</Filter>
    </None>
    <None Include="resource\Shaders\Particle\GPU\Splat.hlsli">
      <Filter>resource\Shaders\Particle\GPU</Filter>
    </None>
    <None Include="resource\Shaders\Particle\Particle.hlsli">
      <Filter>resource\Shaders\Particle</Filter>
    </None>
    <None Include="resource\Shaders\SkyBox\Skybox.hlsli">
      <Filter>resource\Shaders\SkyBox</Filter>
    </None>
  </ItemGroup>
</Project>
